// !$*UTF8*$!
{
	archiveVersion = 1;
	classes = {
	};
	objectVersion = 51;
	objects = {

/* Begin PBXBuildFile section */
		A02231CF2042FACA3436C860 /* Pods_TMDB.framework in Frameworks */ = {isa = PBXBuildFile; fileRef = 540E68142B75814D35CD3ECF /* Pods_TMDB.framework */; };
		BBAA90F425F9287A0095DB27 /* AppDelegate.swift in Sources */ = {isa = PBXBuildFile; fileRef = BBAA90F325F9287A0095DB27 /* AppDelegate.swift */; };
		BBAA90F625F9287A0095DB27 /* SceneDelegate.swift in Sources */ = {isa = PBXBuildFile; fileRef = BBAA90F525F9287A0095DB27 /* SceneDelegate.swift */; };
		BBAA90F825F9287A0095DB27 /* ViewController.swift in Sources */ = {isa = PBXBuildFile; fileRef = BBAA90F725F9287A0095DB27 /* ViewController.swift */; };
		BBAA90FD25F9287C0095DB27 /* Assets.xcassets in Resources */ = {isa = PBXBuildFile; fileRef = BBAA90FC25F9287C0095DB27 /* Assets.xcassets */; };
		BBAA910025F9287C0095DB27 /* LaunchScreen.storyboard in Resources */ = {isa = PBXBuildFile; fileRef = BBAA90FE25F9287C0095DB27 /* LaunchScreen.storyboard */; };
		BBAA912F25FB9EAE0095DB27 /* Coordinator.swift in Sources */ = {isa = PBXBuildFile; fileRef = BBAA912E25FB9EAE0095DB27 /* Coordinator.swift */; };
		BBAA913225FBA4DB0095DB27 /* AppCoordinator.swift in Sources */ = {isa = PBXBuildFile; fileRef = BBAA913125FBA4DB0095DB27 /* AppCoordinator.swift */; };
		BBAA913525FBA8F80095DB27 /* MovieListCoordinator.swift in Sources */ = {isa = PBXBuildFile; fileRef = BBAA913425FBA8F80095DB27 /* MovieListCoordinator.swift */; };
		BBAA914225FBAB200095DB27 /* AppCoordinatorTest.swift in Sources */ = {isa = PBXBuildFile; fileRef = BBAA914125FBAB200095DB27 /* AppCoordinatorTest.swift */; };
		BBAA915325FFE9FE0095DB27 /* MovieModel.swift in Sources */ = {isa = PBXBuildFile; fileRef = BBAA915225FFE9FE0095DB27 /* MovieModel.swift */; };
		BBAA915725FFEA670095DB27 /* MovieProtocol.swift in Sources */ = {isa = PBXBuildFile; fileRef = BBAA915625FFEA670095DB27 /* MovieProtocol.swift */; };
		BBAA915B25FFECAC0095DB27 /* MovieListResponse.swift in Sources */ = {isa = PBXBuildFile; fileRef = BBAA915A25FFECAC0095DB27 /* MovieListResponse.swift */; };
		BBAA915F25FFECCC0095DB27 /* MovieListResponseProtocol.swift in Sources */ = {isa = PBXBuildFile; fileRef = BBAA915E25FFECCC0095DB27 /* MovieListResponseProtocol.swift */; };
		BBAA916625FFF2F80095DB27 /* NetworkManagerProtocol.swift in Sources */ = {isa = PBXBuildFile; fileRef = BBAA916525FFF2F80095DB27 /* NetworkManagerProtocol.swift */; };
		BBAA916A25FFF3DF0095DB27 /* NetworkManager.swift in Sources */ = {isa = PBXBuildFile; fileRef = BBAA916925FFF3DF0095DB27 /* NetworkManager.swift */; };
		BBAA916E25FFFA2C0095DB27 /* TmdbAPI.swift in Sources */ = {isa = PBXBuildFile; fileRef = BBAA916D25FFFA2C0095DB27 /* TmdbAPI.swift */; };
		BBAA917425FFFA6D0095DB27 /* API.swift in Sources */ = {isa = PBXBuildFile; fileRef = BBAA917325FFFA6D0095DB27 /* API.swift */; };
		BBAA917F2600DD950095DB27 /* MovieListViewController.swift in Sources */ = {isa = PBXBuildFile; fileRef = BBAA917E2600DD950095DB27 /* MovieListViewController.swift */; };
		BBAA91862600E2000095DB27 /* MovieListViewModel.swift in Sources */ = {isa = PBXBuildFile; fileRef = BBAA91852600E2000095DB27 /* MovieListViewModel.swift */; };
		BBAA918A2600E30D0095DB27 /* ViewModelType.swift in Sources */ = {isa = PBXBuildFile; fileRef = BBAA91892600E30D0095DB27 /* ViewModelType.swift */; };
		BBAA918E2600E3320095DB27 /* BindableType.swift in Sources */ = {isa = PBXBuildFile; fileRef = BBAA918D2600E3320095DB27 /* BindableType.swift */; };
		BBAA9196260157380095DB27 /* MovieListCoordinatorTest.swift in Sources */ = {isa = PBXBuildFile; fileRef = BBAA9195260157380095DB27 /* MovieListCoordinatorTest.swift */; };
		BBAA91A82602465F0095DB27 /* MovieCellViewModel.swift in Sources */ = {isa = PBXBuildFile; fileRef = BBAA91A72602465F0095DB27 /* MovieCellViewModel.swift */; };
		BBAA91AE2602622C0095DB27 /* MovieCellViewModelSection.swift in Sources */ = {isa = PBXBuildFile; fileRef = BBAA91AD2602622C0095DB27 /* MovieCellViewModelSection.swift */; };
		BBAA91B2260267880095DB27 /* MovieListDataSource.swift in Sources */ = {isa = PBXBuildFile; fileRef = BBAA91B1260267880095DB27 /* MovieListDataSource.swift */; };
		BBAA91B72602A8270095DB27 /* MovieTableViewCell.swift in Sources */ = {isa = PBXBuildFile; fileRef = BBAA91B62602A8270095DB27 /* MovieTableViewCell.swift */; };
		BBAA91BC2602DF440095DB27 /* ImageURL.swift in Sources */ = {isa = PBXBuildFile; fileRef = BBAA91BB2602DF440095DB27 /* ImageURL.swift */; };
		BBAA91D22603ED570095DB27 /* URL+Extensions.swift in Sources */ = {isa = PBXBuildFile; fileRef = BBAA91D12603ED570095DB27 /* URL+Extensions.swift */; };
		BBAA91FA260566FF0095DB27 /* CircleProgressBar.swift in Sources */ = {isa = PBXBuildFile; fileRef = BBAA91F9260566FE0095DB27 /* CircleProgressBar.swift */; };
/* End PBXBuildFile section */

/* Begin PBXContainerItemProxy section */
		BBAA914425FBAB200095DB27 /* PBXContainerItemProxy */ = {
			isa = PBXContainerItemProxy;
			containerPortal = BBAA90E825F9287A0095DB27 /* Project object */;
			proxyType = 1;
			remoteGlobalIDString = BBAA90EF25F9287A0095DB27;
			remoteInfo = TMDB;
		};
/* End PBXContainerItemProxy section */

/* Begin PBXFileReference section */
		3159522495BC9CB644E5749C /* Pods-TMDB.release.xcconfig */ = {isa = PBXFileReference; includeInIndex = 1; lastKnownFileType = text.xcconfig; name = "Pods-TMDB.release.xcconfig"; path = "Target Support Files/Pods-TMDB/Pods-TMDB.release.xcconfig"; sourceTree = "<group>"; };
		540E68142B75814D35CD3ECF /* Pods_TMDB.framework */ = {isa = PBXFileReference; explicitFileType = wrapper.framework; includeInIndex = 0; path = Pods_TMDB.framework; sourceTree = BUILT_PRODUCTS_DIR; };
		586AABA755050441B801F822 /* Pods-TMDB.debug.xcconfig */ = {isa = PBXFileReference; includeInIndex = 1; lastKnownFileType = text.xcconfig; name = "Pods-TMDB.debug.xcconfig"; path = "Target Support Files/Pods-TMDB/Pods-TMDB.debug.xcconfig"; sourceTree = "<group>"; };
		BBAA90F025F9287A0095DB27 /* TMDB.app */ = {isa = PBXFileReference; explicitFileType = wrapper.application; includeInIndex = 0; path = TMDB.app; sourceTree = BUILT_PRODUCTS_DIR; };
		BBAA90F325F9287A0095DB27 /* AppDelegate.swift */ = {isa = PBXFileReference; lastKnownFileType = sourcecode.swift; path = AppDelegate.swift; sourceTree = "<group>"; };
		BBAA90F525F9287A0095DB27 /* SceneDelegate.swift */ = {isa = PBXFileReference; lastKnownFileType = sourcecode.swift; path = SceneDelegate.swift; sourceTree = "<group>"; };
		BBAA90F725F9287A0095DB27 /* ViewController.swift */ = {isa = PBXFileReference; lastKnownFileType = sourcecode.swift; path = ViewController.swift; sourceTree = "<group>"; };
		BBAA90FC25F9287C0095DB27 /* Assets.xcassets */ = {isa = PBXFileReference; lastKnownFileType = folder.assetcatalog; path = Assets.xcassets; sourceTree = "<group>"; };
		BBAA90FF25F9287C0095DB27 /* Base */ = {isa = PBXFileReference; lastKnownFileType = file.storyboard; name = Base; path = Base.lproj/LaunchScreen.storyboard; sourceTree = "<group>"; };
		BBAA910125F9287C0095DB27 /* Info.plist */ = {isa = PBXFileReference; lastKnownFileType = text.plist.xml; path = Info.plist; sourceTree = "<group>"; };
		BBAA912E25FB9EAE0095DB27 /* Coordinator.swift */ = {isa = PBXFileReference; lastKnownFileType = sourcecode.swift; path = Coordinator.swift; sourceTree = "<group>"; };
		BBAA913125FBA4DB0095DB27 /* AppCoordinator.swift */ = {isa = PBXFileReference; lastKnownFileType = sourcecode.swift; path = AppCoordinator.swift; sourceTree = "<group>"; };
		BBAA913425FBA8F80095DB27 /* MovieListCoordinator.swift */ = {isa = PBXFileReference; lastKnownFileType = sourcecode.swift; path = MovieListCoordinator.swift; sourceTree = "<group>"; };
		BBAA913F25FBAB200095DB27 /* TMDBTests.xctest */ = {isa = PBXFileReference; explicitFileType = wrapper.cfbundle; includeInIndex = 0; path = TMDBTests.xctest; sourceTree = BUILT_PRODUCTS_DIR; };
		BBAA914125FBAB200095DB27 /* AppCoordinatorTest.swift */ = {isa = PBXFileReference; lastKnownFileType = sourcecode.swift; path = AppCoordinatorTest.swift; sourceTree = "<group>"; };
		BBAA914325FBAB200095DB27 /* Info.plist */ = {isa = PBXFileReference; lastKnownFileType = text.plist.xml; path = Info.plist; sourceTree = "<group>"; };
		BBAA915225FFE9FE0095DB27 /* MovieModel.swift */ = {isa = PBXFileReference; lastKnownFileType = sourcecode.swift; path = MovieModel.swift; sourceTree = "<group>"; };
		BBAA915625FFEA670095DB27 /* MovieProtocol.swift */ = {isa = PBXFileReference; lastKnownFileType = sourcecode.swift; path = MovieProtocol.swift; sourceTree = "<group>"; };
		BBAA915A25FFECAC0095DB27 /* MovieListResponse.swift */ = {isa = PBXFileReference; lastKnownFileType = sourcecode.swift; path = MovieListResponse.swift; sourceTree = "<group>"; };
		BBAA915E25FFECCC0095DB27 /* MovieListResponseProtocol.swift */ = {isa = PBXFileReference; lastKnownFileType = sourcecode.swift; path = MovieListResponseProtocol.swift; sourceTree = "<group>"; };
		BBAA916525FFF2F80095DB27 /* NetworkManagerProtocol.swift */ = {isa = PBXFileReference; lastKnownFileType = sourcecode.swift; path = NetworkManagerProtocol.swift; sourceTree = "<group>"; };
		BBAA916925FFF3DF0095DB27 /* NetworkManager.swift */ = {isa = PBXFileReference; lastKnownFileType = sourcecode.swift; path = NetworkManager.swift; sourceTree = "<group>"; };
		BBAA916D25FFFA2C0095DB27 /* TmdbAPI.swift */ = {isa = PBXFileReference; lastKnownFileType = sourcecode.swift; path = TmdbAPI.swift; sourceTree = "<group>"; };
		BBAA917325FFFA6D0095DB27 /* API.swift */ = {isa = PBXFileReference; lastKnownFileType = sourcecode.swift; path = API.swift; sourceTree = "<group>"; };
		BBAA917E2600DD950095DB27 /* MovieListViewController.swift */ = {isa = PBXFileReference; lastKnownFileType = sourcecode.swift; path = MovieListViewController.swift; sourceTree = "<group>"; };
		BBAA91852600E2000095DB27 /* MovieListViewModel.swift */ = {isa = PBXFileReference; lastKnownFileType = sourcecode.swift; path = MovieListViewModel.swift; sourceTree = "<group>"; };
		BBAA91892600E30D0095DB27 /* ViewModelType.swift */ = {isa = PBXFileReference; lastKnownFileType = sourcecode.swift; path = ViewModelType.swift; sourceTree = "<group>"; };
		BBAA918D2600E3320095DB27 /* BindableType.swift */ = {isa = PBXFileReference; lastKnownFileType = sourcecode.swift; path = BindableType.swift; sourceTree = "<group>"; };
		BBAA9195260157380095DB27 /* MovieListCoordinatorTest.swift */ = {isa = PBXFileReference; lastKnownFileType = sourcecode.swift; path = MovieListCoordinatorTest.swift; sourceTree = "<group>"; };
		BBAA91A72602465F0095DB27 /* MovieCellViewModel.swift */ = {isa = PBXFileReference; lastKnownFileType = sourcecode.swift; path = MovieCellViewModel.swift; sourceTree = "<group>"; };
		BBAA91AD2602622C0095DB27 /* MovieCellViewModelSection.swift */ = {isa = PBXFileReference; lastKnownFileType = sourcecode.swift; path = MovieCellViewModelSection.swift; sourceTree = "<group>"; };
		BBAA91B1260267880095DB27 /* MovieListDataSource.swift */ = {isa = PBXFileReference; lastKnownFileType = sourcecode.swift; path = MovieListDataSource.swift; sourceTree = "<group>"; };
		BBAA91B62602A8270095DB27 /* MovieTableViewCell.swift */ = {isa = PBXFileReference; lastKnownFileType = sourcecode.swift; path = MovieTableViewCell.swift; sourceTree = "<group>"; };
		BBAA91BB2602DF440095DB27 /* ImageURL.swift */ = {isa = PBXFileReference; lastKnownFileType = sourcecode.swift; path = ImageURL.swift; sourceTree = "<group>"; };
		BBAA91D12603ED570095DB27 /* URL+Extensions.swift */ = {isa = PBXFileReference; lastKnownFileType = sourcecode.swift; path = "URL+Extensions.swift"; sourceTree = "<group>"; };
		BBAA91F9260566FE0095DB27 /* CircleProgressBar.swift */ = {isa = PBXFileReference; lastKnownFileType = sourcecode.swift; path = CircleProgressBar.swift; sourceTree = "<group>"; };
/* End PBXFileReference section */

/* Begin PBXFrameworksBuildPhase section */
		BBAA90ED25F9287A0095DB27 /* Frameworks */ = {
			isa = PBXFrameworksBuildPhase;
			buildActionMask = 2147483647;
			files = (
				A02231CF2042FACA3436C860 /* Pods_TMDB.framework in Frameworks */,
			);
			runOnlyForDeploymentPostprocessing = 0;
		};
		BBAA913C25FBAB200095DB27 /* Frameworks */ = {
			isa = PBXFrameworksBuildPhase;
			buildActionMask = 2147483647;
			files = (
			);
			runOnlyForDeploymentPostprocessing = 0;
		};
/* End PBXFrameworksBuildPhase section */

/* Begin PBXGroup section */
		3B4107444D4AD6FE4763595D /* Pods */ = {
			isa = PBXGroup;
			children = (
				586AABA755050441B801F822 /* Pods-TMDB.debug.xcconfig */,
				3159522495BC9CB644E5749C /* Pods-TMDB.release.xcconfig */,
			);
			path = Pods;
			sourceTree = "<group>";
		};
		BBAA90E725F9287A0095DB27 = {
			isa = PBXGroup;
			children = (
				BBAA90F225F9287A0095DB27 /* TMDB */,
				BBAA914025FBAB200095DB27 /* TMDBTests */,
				BBAA90F125F9287A0095DB27 /* Products */,
				3B4107444D4AD6FE4763595D /* Pods */,
				C886EACE0189022CDD6DC360 /* Frameworks */,
			);
			sourceTree = "<group>";
		};
		BBAA90F125F9287A0095DB27 /* Products */ = {
			isa = PBXGroup;
			children = (
				BBAA90F025F9287A0095DB27 /* TMDB.app */,
				BBAA913F25FBAB200095DB27 /* TMDBTests.xctest */,
			);
			name = Products;
			sourceTree = "<group>";
		};
		BBAA90F225F9287A0095DB27 /* TMDB */ = {
			isa = PBXGroup;
			children = (
				BBAA91D02603ED460095DB27 /* Extensions */,
				BBAA91BA2602DF380095DB27 /* Helpers */,
				BBAA91842600E1F20095DB27 /* ViewModels */,
				BBAA917D2600DD840095DB27 /* Views */,
				BBAA917C2600DCF90095DB27 /* Coordinators */,
				BBAA9177260008210095DB27 /* Network */,
				BBAA916225FFECF00095DB27 /* Models */,
				BBAA90F325F9287A0095DB27 /* AppDelegate.swift */,
				BBAA90F525F9287A0095DB27 /* SceneDelegate.swift */,
				BBAA90F725F9287A0095DB27 /* ViewController.swift */,
				BBAA90FC25F9287C0095DB27 /* Assets.xcassets */,
				BBAA90FE25F9287C0095DB27 /* LaunchScreen.storyboard */,
				BBAA910125F9287C0095DB27 /* Info.plist */,
				BBAA91F9260566FE0095DB27 /* CircleProgressBar.swift */,
			);
			path = TMDB;
			sourceTree = "<group>";
		};
		BBAA914025FBAB200095DB27 /* TMDBTests */ = {
			isa = PBXGroup;
			children = (
				BBAA914125FBAB200095DB27 /* AppCoordinatorTest.swift */,
				BBAA9195260157380095DB27 /* MovieListCoordinatorTest.swift */,
				BBAA914325FBAB200095DB27 /* Info.plist */,
			);
			path = TMDBTests;
			sourceTree = "<group>";
		};
		BBAA916225FFECF00095DB27 /* Models */ = {
			isa = PBXGroup;
			children = (
				BBAA915225FFE9FE0095DB27 /* MovieModel.swift */,
				BBAA915625FFEA670095DB27 /* MovieProtocol.swift */,
				BBAA915A25FFECAC0095DB27 /* MovieListResponse.swift */,
				BBAA915E25FFECCC0095DB27 /* MovieListResponseProtocol.swift */,
			);
			path = Models;
			sourceTree = "<group>";
		};
		BBAA9177260008210095DB27 /* Network */ = {
			isa = PBXGroup;
			children = (
				BBAA917325FFFA6D0095DB27 /* API.swift */,
				BBAA916D25FFFA2C0095DB27 /* TmdbAPI.swift */,
				BBAA916525FFF2F80095DB27 /* NetworkManagerProtocol.swift */,
				BBAA916925FFF3DF0095DB27 /* NetworkManager.swift */,
			);
			path = Network;
			sourceTree = "<group>";
		};
		BBAA917C2600DCF90095DB27 /* Coordinators */ = {
			isa = PBXGroup;
			children = (
				BBAA912E25FB9EAE0095DB27 /* Coordinator.swift */,
				BBAA913125FBA4DB0095DB27 /* AppCoordinator.swift */,
				BBAA913425FBA8F80095DB27 /* MovieListCoordinator.swift */,
			);
			path = Coordinators;
			sourceTree = "<group>";
		};
		BBAA917D2600DD840095DB27 /* Views */ = {
			isa = PBXGroup;
			children = (
				BBAA91B52602A8020095DB27 /* MovieCell */,
				BBAA917E2600DD950095DB27 /* MovieListViewController.swift */,
				BBAA91B1260267880095DB27 /* MovieListDataSource.swift */,
				BBAA918D2600E3320095DB27 /* BindableType.swift */,
			);
			path = Views;
			sourceTree = "<group>";
		};
		BBAA91842600E1F20095DB27 /* ViewModels */ = {
			isa = PBXGroup;
			children = (
				BBAA91A6260244260095DB27 /* MovieCell */,
				BBAA91852600E2000095DB27 /* MovieListViewModel.swift */,
				BBAA91892600E30D0095DB27 /* ViewModelType.swift */,
			);
			path = ViewModels;
			sourceTree = "<group>";
		};
		BBAA91A6260244260095DB27 /* MovieCell */ = {
			isa = PBXGroup;
			children = (
				BBAA91A72602465F0095DB27 /* MovieCellViewModel.swift */,
				BBAA91AD2602622C0095DB27 /* MovieCellViewModelSection.swift */,
			);
			path = MovieCell;
			sourceTree = "<group>";
		};
		BBAA91B52602A8020095DB27 /* MovieCell */ = {
			isa = PBXGroup;
			children = (
				BBAA91B62602A8270095DB27 /* MovieTableViewCell.swift */,
			);
			path = MovieCell;
			sourceTree = "<group>";
		};
		BBAA91BA2602DF380095DB27 /* Helpers */ = {
			isa = PBXGroup;
			children = (
				BBAA91BB2602DF440095DB27 /* ImageURL.swift */,
			);
			path = Helpers;
			sourceTree = "<group>";
		};
		BBAA91D02603ED460095DB27 /* Extensions */ = {
			isa = PBXGroup;
			children = (
				BBAA91D12603ED570095DB27 /* URL+Extensions.swift */,
			);
			path = Extensions;
			sourceTree = "<group>";
		};
		C886EACE0189022CDD6DC360 /* Frameworks */ = {
			isa = PBXGroup;
			children = (
				540E68142B75814D35CD3ECF /* Pods_TMDB.framework */,
			);
			name = Frameworks;
			sourceTree = "<group>";
		};
/* End PBXGroup section */

/* Begin PBXNativeTarget section */
		BBAA90EF25F9287A0095DB27 /* TMDB */ = {
			isa = PBXNativeTarget;
			buildConfigurationList = BBAA910425F9287C0095DB27 /* Build configuration list for PBXNativeTarget "TMDB" */;
			buildPhases = (
				914F25FBFC0432A0DCD57F21 /* [CP] Check Pods Manifest.lock */,
				BBAA90EC25F9287A0095DB27 /* Sources */,
				BBAA90ED25F9287A0095DB27 /* Frameworks */,
				BBAA90EE25F9287A0095DB27 /* Resources */,
				3B26D4073D103154D07F3EE4 /* [CP] Embed Pods Frameworks */,
			);
			buildRules = (
			);
			dependencies = (
			);
			name = TMDB;
			productName = TMDB;
			productReference = BBAA90F025F9287A0095DB27 /* TMDB.app */;
			productType = "com.apple.product-type.application";
		};
		BBAA913E25FBAB200095DB27 /* TMDBTests */ = {
			isa = PBXNativeTarget;
			buildConfigurationList = BBAA914625FBAB200095DB27 /* Build configuration list for PBXNativeTarget "TMDBTests" */;
			buildPhases = (
				BBAA913B25FBAB200095DB27 /* Sources */,
				BBAA913C25FBAB200095DB27 /* Frameworks */,
				BBAA913D25FBAB200095DB27 /* Resources */,
			);
			buildRules = (
			);
			dependencies = (
				BBAA914525FBAB200095DB27 /* PBXTargetDependency */,
			);
			name = TMDBTests;
			productName = TMDBTests;
			productReference = BBAA913F25FBAB200095DB27 /* TMDBTests.xctest */;
			productType = "com.apple.product-type.bundle.unit-test";
		};
/* End PBXNativeTarget section */

/* Begin PBXProject section */
		BBAA90E825F9287A0095DB27 /* Project object */ = {
			isa = PBXProject;
			attributes = {
				LastSwiftUpdateCheck = 1230;
				LastUpgradeCheck = 1230;
				TargetAttributes = {
					BBAA90EF25F9287A0095DB27 = {
						CreatedOnToolsVersion = 12.3;
					};
					BBAA913E25FBAB200095DB27 = {
						CreatedOnToolsVersion = 12.3;
						TestTargetID = BBAA90EF25F9287A0095DB27;
					};
				};
			};
			buildConfigurationList = BBAA90EB25F9287A0095DB27 /* Build configuration list for PBXProject "TMDB" */;
			compatibilityVersion = "Xcode 9.3";
			developmentRegion = en;
			hasScannedForEncodings = 0;
			knownRegions = (
				en,
				Base,
			);
			mainGroup = BBAA90E725F9287A0095DB27;
			productRefGroup = BBAA90F125F9287A0095DB27 /* Products */;
			projectDirPath = "";
			projectRoot = "";
			targets = (
				BBAA90EF25F9287A0095DB27 /* TMDB */,
				BBAA913E25FBAB200095DB27 /* TMDBTests */,
			);
		};
/* End PBXProject section */

/* Begin PBXResourcesBuildPhase section */
		BBAA90EE25F9287A0095DB27 /* Resources */ = {
			isa = PBXResourcesBuildPhase;
			buildActionMask = 2147483647;
			files = (
				BBAA910025F9287C0095DB27 /* LaunchScreen.storyboard in Resources */,
				BBAA90FD25F9287C0095DB27 /* Assets.xcassets in Resources */,
			);
			runOnlyForDeploymentPostprocessing = 0;
		};
		BBAA913D25FBAB200095DB27 /* Resources */ = {
			isa = PBXResourcesBuildPhase;
			buildActionMask = 2147483647;
			files = (
			);
			runOnlyForDeploymentPostprocessing = 0;
		};
/* End PBXResourcesBuildPhase section */

/* Begin PBXShellScriptBuildPhase section */
		3B26D4073D103154D07F3EE4 /* [CP] Embed Pods Frameworks */ = {
			isa = PBXShellScriptBuildPhase;
			buildActionMask = 2147483647;
			files = (
			);
			inputFileListPaths = (
				"${PODS_ROOT}/Target Support Files/Pods-TMDB/Pods-TMDB-frameworks-${CONFIGURATION}-input-files.xcfilelist",
			);
			name = "[CP] Embed Pods Frameworks";
			outputFileListPaths = (
				"${PODS_ROOT}/Target Support Files/Pods-TMDB/Pods-TMDB-frameworks-${CONFIGURATION}-output-files.xcfilelist",
			);
			runOnlyForDeploymentPostprocessing = 0;
			shellPath = /bin/sh;
			shellScript = "\"${PODS_ROOT}/Target Support Files/Pods-TMDB/Pods-TMDB-frameworks.sh\"\n";
			showEnvVarsInLog = 0;
		};
		914F25FBFC0432A0DCD57F21 /* [CP] Check Pods Manifest.lock */ = {
			isa = PBXShellScriptBuildPhase;
			buildActionMask = 2147483647;
			files = (
			);
			inputFileListPaths = (
			);
			inputPaths = (
				"${PODS_PODFILE_DIR_PATH}/Podfile.lock",
				"${PODS_ROOT}/Manifest.lock",
			);
			name = "[CP] Check Pods Manifest.lock";
			outputFileListPaths = (
			);
			outputPaths = (
				"$(DERIVED_FILE_DIR)/Pods-TMDB-checkManifestLockResult.txt",
			);
			runOnlyForDeploymentPostprocessing = 0;
			shellPath = /bin/sh;
			shellScript = "diff \"${PODS_PODFILE_DIR_PATH}/Podfile.lock\" \"${PODS_ROOT}/Manifest.lock\" > /dev/null\nif [ $? != 0 ] ; then\n    # print error to STDERR\n    echo \"error: The sandbox is not in sync with the Podfile.lock. Run 'pod install' or update your CocoaPods installation.\" >&2\n    exit 1\nfi\n# This output is used by Xcode 'outputs' to avoid re-running this script phase.\necho \"SUCCESS\" > \"${SCRIPT_OUTPUT_FILE_0}\"\n";
			showEnvVarsInLog = 0;
		};
/* End PBXShellScriptBuildPhase section */

/* Begin PBXSourcesBuildPhase section */
		BBAA90EC25F9287A0095DB27 /* Sources */ = {
			isa = PBXSourcesBuildPhase;
			buildActionMask = 2147483647;
			files = (
				BBAA916A25FFF3DF0095DB27 /* NetworkManager.swift in Sources */,
				BBAA916625FFF2F80095DB27 /* NetworkManagerProtocol.swift in Sources */,
				BBAA915325FFE9FE0095DB27 /* MovieModel.swift in Sources */,
				BBAA912F25FB9EAE0095DB27 /* Coordinator.swift in Sources */,
				BBAA90F825F9287A0095DB27 /* ViewController.swift in Sources */,
				BBAA915F25FFECCC0095DB27 /* MovieListResponseProtocol.swift in Sources */,
				BBAA917F2600DD950095DB27 /* MovieListViewController.swift in Sources */,
				BBAA917425FFFA6D0095DB27 /* API.swift in Sources */,
				BBAA913225FBA4DB0095DB27 /* AppCoordinator.swift in Sources */,
				BBAA91A82602465F0095DB27 /* MovieCellViewModel.swift in Sources */,
				BBAA916E25FFFA2C0095DB27 /* TmdbAPI.swift in Sources */,
				BBAA91AE2602622C0095DB27 /* MovieCellViewModelSection.swift in Sources */,
				BBAA918E2600E3320095DB27 /* BindableType.swift in Sources */,
				BBAA91D22603ED570095DB27 /* URL+Extensions.swift in Sources */,
				BBAA918A2600E30D0095DB27 /* ViewModelType.swift in Sources */,
				BBAA91B2260267880095DB27 /* MovieListDataSource.swift in Sources */,
				BBAA915B25FFECAC0095DB27 /* MovieListResponse.swift in Sources */,
				BBAA91862600E2000095DB27 /* MovieListViewModel.swift in Sources */,
				BBAA90F425F9287A0095DB27 /* AppDelegate.swift in Sources */,
				BBAA91BC2602DF440095DB27 /* ImageURL.swift in Sources */,
				BBAA90F625F9287A0095DB27 /* SceneDelegate.swift in Sources */,
				BBAA91FA260566FF0095DB27 /* CircleProgressBar.swift in Sources */,
				BBAA915725FFEA670095DB27 /* MovieProtocol.swift in Sources */,
				BBAA91B72602A8270095DB27 /* MovieTableViewCell.swift in Sources */,
				BBAA913525FBA8F80095DB27 /* MovieListCoordinator.swift in Sources */,
			);
			runOnlyForDeploymentPostprocessing = 0;
		};
		BBAA913B25FBAB200095DB27 /* Sources */ = {
			isa = PBXSourcesBuildPhase;
			buildActionMask = 2147483647;
			files = (
				BBAA9196260157380095DB27 /* MovieListCoordinatorTest.swift in Sources */,
				BBAA914225FBAB200095DB27 /* AppCoordinatorTest.swift in Sources */,
			);
			runOnlyForDeploymentPostprocessing = 0;
		};
/* End PBXSourcesBuildPhase section */

/* Begin PBXTargetDependency section */
		BBAA914525FBAB200095DB27 /* PBXTargetDependency */ = {
			isa = PBXTargetDependency;
			target = BBAA90EF25F9287A0095DB27 /* TMDB */;
			targetProxy = BBAA914425FBAB200095DB27 /* PBXContainerItemProxy */;
		};
/* End PBXTargetDependency section */

/* Begin PBXVariantGroup section */
		BBAA90FE25F9287C0095DB27 /* LaunchScreen.storyboard */ = {
			isa = PBXVariantGroup;
			children = (
				BBAA90FF25F9287C0095DB27 /* Base */,
			);
			name = LaunchScreen.storyboard;
			sourceTree = "<group>";
		};
/* End PBXVariantGroup section */

/* Begin XCBuildConfiguration section */
		BBAA910225F9287C0095DB27 /* Debug */ = {
			isa = XCBuildConfiguration;
			buildSettings = {
				ALWAYS_SEARCH_USER_PATHS = NO;
				CLANG_ANALYZER_NONNULL = YES;
				CLANG_ANALYZER_NUMBER_OBJECT_CONVERSION = YES_AGGRESSIVE;
				CLANG_CXX_LANGUAGE_STANDARD = "gnu++14";
				CLANG_CXX_LIBRARY = "libc++";
				CLANG_ENABLE_MODULES = YES;
				CLANG_ENABLE_OBJC_ARC = YES;
				CLANG_ENABLE_OBJC_WEAK = YES;
				CLANG_WARN_BLOCK_CAPTURE_AUTORELEASING = YES;
				CLANG_WARN_BOOL_CONVERSION = YES;
				CLANG_WARN_COMMA = YES;
				CLANG_WARN_CONSTANT_CONVERSION = YES;
				CLANG_WARN_DEPRECATED_OBJC_IMPLEMENTATIONS = YES;
				CLANG_WARN_DIRECT_OBJC_ISA_USAGE = YES_ERROR;
				CLANG_WARN_DOCUMENTATION_COMMENTS = YES;
				CLANG_WARN_EMPTY_BODY = YES;
				CLANG_WARN_ENUM_CONVERSION = YES;
				CLANG_WARN_INFINITE_RECURSION = YES;
				CLANG_WARN_INT_CONVERSION = YES;
				CLANG_WARN_NON_LITERAL_NULL_CONVERSION = YES;
				CLANG_WARN_OBJC_IMPLICIT_RETAIN_SELF = YES;
				CLANG_WARN_OBJC_LITERAL_CONVERSION = YES;
				CLANG_WARN_OBJC_ROOT_CLASS = YES_ERROR;
				CLANG_WARN_QUOTED_INCLUDE_IN_FRAMEWORK_HEADER = YES;
				CLANG_WARN_RANGE_LOOP_ANALYSIS = YES;
				CLANG_WARN_STRICT_PROTOTYPES = YES;
				CLANG_WARN_SUSPICIOUS_MOVE = YES;
				CLANG_WARN_UNGUARDED_AVAILABILITY = YES_AGGRESSIVE;
				CLANG_WARN_UNREACHABLE_CODE = YES;
				CLANG_WARN__DUPLICATE_METHOD_MATCH = YES;
				COPY_PHASE_STRIP = NO;
				DEBUG_INFORMATION_FORMAT = dwarf;
				ENABLE_STRICT_OBJC_MSGSEND = YES;
				ENABLE_TESTABILITY = YES;
				GCC_C_LANGUAGE_STANDARD = gnu11;
				GCC_DYNAMIC_NO_PIC = NO;
				GCC_NO_COMMON_BLOCKS = YES;
				GCC_OPTIMIZATION_LEVEL = 0;
				GCC_PREPROCESSOR_DEFINITIONS = (
					"DEBUG=1",
					"$(inherited)",
				);
				GCC_WARN_64_TO_32_BIT_CONVERSION = YES;
				GCC_WARN_ABOUT_RETURN_TYPE = YES_ERROR;
				GCC_WARN_UNDECLARED_SELECTOR = YES;
				GCC_WARN_UNINITIALIZED_AUTOS = YES_AGGRESSIVE;
				GCC_WARN_UNUSED_FUNCTION = YES;
				GCC_WARN_UNUSED_VARIABLE = YES;
				IPHONEOS_DEPLOYMENT_TARGET = 13.0;
				MTL_ENABLE_DEBUG_INFO = INCLUDE_SOURCE;
				MTL_FAST_MATH = YES;
				ONLY_ACTIVE_ARCH = YES;
				SDKROOT = iphoneos;
				SWIFT_ACTIVE_COMPILATION_CONDITIONS = DEBUG;
				SWIFT_OPTIMIZATION_LEVEL = "-Onone";
			};
			name = Debug;
		};
		BBAA910325F9287C0095DB27 /* Release */ = {
			isa = XCBuildConfiguration;
			buildSettings = {
				ALWAYS_SEARCH_USER_PATHS = NO;
				CLANG_ANALYZER_NONNULL = YES;
				CLANG_ANALYZER_NUMBER_OBJECT_CONVERSION = YES_AGGRESSIVE;
				CLANG_CXX_LANGUAGE_STANDARD = "gnu++14";
				CLANG_CXX_LIBRARY = "libc++";
				CLANG_ENABLE_MODULES = YES;
				CLANG_ENABLE_OBJC_ARC = YES;
				CLANG_ENABLE_OBJC_WEAK = YES;
				CLANG_WARN_BLOCK_CAPTURE_AUTORELEASING = YES;
				CLANG_WARN_BOOL_CONVERSION = YES;
				CLANG_WARN_COMMA = YES;
				CLANG_WARN_CONSTANT_CONVERSION = YES;
				CLANG_WARN_DEPRECATED_OBJC_IMPLEMENTATIONS = YES;
				CLANG_WARN_DIRECT_OBJC_ISA_USAGE = YES_ERROR;
				CLANG_WARN_DOCUMENTATION_COMMENTS = YES;
				CLANG_WARN_EMPTY_BODY = YES;
				CLANG_WARN_ENUM_CONVERSION = YES;
				CLANG_WARN_INFINITE_RECURSION = YES;
				CLANG_WARN_INT_CONVERSION = YES;
				CLANG_WARN_NON_LITERAL_NULL_CONVERSION = YES;
				CLANG_WARN_OBJC_IMPLICIT_RETAIN_SELF = YES;
				CLANG_WARN_OBJC_LITERAL_CONVERSION = YES;
				CLANG_WARN_OBJC_ROOT_CLASS = YES_ERROR;
				CLANG_WARN_QUOTED_INCLUDE_IN_FRAMEWORK_HEADER = YES;
				CLANG_WARN_RANGE_LOOP_ANALYSIS = YES;
				CLANG_WARN_STRICT_PROTOTYPES = YES;
				CLANG_WARN_SUSPICIOUS_MOVE = YES;
				CLANG_WARN_UNGUARDED_AVAILABILITY = YES_AGGRESSIVE;
				CLANG_WARN_UNREACHABLE_CODE = YES;
				CLANG_WARN__DUPLICATE_METHOD_MATCH = YES;
				COPY_PHASE_STRIP = NO;
				DEBUG_INFORMATION_FORMAT = "dwarf-with-dsym";
				ENABLE_NS_ASSERTIONS = NO;
				ENABLE_STRICT_OBJC_MSGSEND = YES;
				GCC_C_LANGUAGE_STANDARD = gnu11;
				GCC_NO_COMMON_BLOCKS = YES;
				GCC_WARN_64_TO_32_BIT_CONVERSION = YES;
				GCC_WARN_ABOUT_RETURN_TYPE = YES_ERROR;
				GCC_WARN_UNDECLARED_SELECTOR = YES;
				GCC_WARN_UNINITIALIZED_AUTOS = YES_AGGRESSIVE;
				GCC_WARN_UNUSED_FUNCTION = YES;
				GCC_WARN_UNUSED_VARIABLE = YES;
				IPHONEOS_DEPLOYMENT_TARGET = 13.0;
				MTL_ENABLE_DEBUG_INFO = NO;
				MTL_FAST_MATH = YES;
				SDKROOT = iphoneos;
				SWIFT_COMPILATION_MODE = wholemodule;
				SWIFT_OPTIMIZATION_LEVEL = "-O";
				VALIDATE_PRODUCT = YES;
			};
			name = Release;
		};
		BBAA910525F9287C0095DB27 /* Debug */ = {
			isa = XCBuildConfiguration;
			baseConfigurationReference = 586AABA755050441B801F822 /* Pods-TMDB.debug.xcconfig */;
			buildSettings = {
				ASSETCATALOG_COMPILER_APPICON_NAME = AppIcon;
				ASSETCATALOG_COMPILER_GLOBAL_ACCENT_COLOR_NAME = AccentColor;
				CODE_SIGN_STYLE = Automatic;
				DEVELOPMENT_TEAM = 6PL6THVP79;
				INFOPLIST_FILE = TMDB/Info.plist;
				LD_RUNPATH_SEARCH_PATHS = (
					"$(inherited)",
					"@executable_path/Frameworks",
				);
				PRODUCT_BUNDLE_IDENTIFIER = com.home.ios.TMDB;
				PRODUCT_NAME = "$(TARGET_NAME)";
				SWIFT_VERSION = 5.0;
				TARGETED_DEVICE_FAMILY = "1,2";
			};
			name = Debug;
		};
		BBAA910625F9287C0095DB27 /* Release */ = {
			isa = XCBuildConfiguration;
			baseConfigurationReference = 3159522495BC9CB644E5749C /* Pods-TMDB.release.xcconfig */;
			buildSettings = {
				ASSETCATALOG_COMPILER_APPICON_NAME = AppIcon;
				ASSETCATALOG_COMPILER_GLOBAL_ACCENT_COLOR_NAME = AccentColor;
				CODE_SIGN_STYLE = Automatic;
				DEVELOPMENT_TEAM = 6PL6THVP79;
				INFOPLIST_FILE = TMDB/Info.plist;
				LD_RUNPATH_SEARCH_PATHS = (
					"$(inherited)",
					"@executable_path/Frameworks",
				);
				PRODUCT_BUNDLE_IDENTIFIER = com.home.ios.TMDB;
				PRODUCT_NAME = "$(TARGET_NAME)";
				SWIFT_VERSION = 5.0;
				TARGETED_DEVICE_FAMILY = "1,2";
			};
			name = Release;
		};
		BBAA914725FBAB200095DB27 /* Debug */ = {
			isa = XCBuildConfiguration;
			buildSettings = {
				BUNDLE_LOADER = "$(TEST_HOST)";
				CODE_SIGN_STYLE = Automatic;
				DEVELOPMENT_TEAM = 6PL6THVP79;
				INFOPLIST_FILE = TMDBTests/Info.plist;
				IPHONEOS_DEPLOYMENT_TARGET = 13.0;
				LD_RUNPATH_SEARCH_PATHS = (
					"$(inherited)",
					"@executable_path/Frameworks",
					"@loader_path/Frameworks",
				);
				PRODUCT_BUNDLE_IDENTIFIER = com.home.ios.TMDBTests;
				PRODUCT_NAME = "$(TARGET_NAME)";
				SWIFT_VERSION = 5.0;
				TARGETED_DEVICE_FAMILY = "1,2";
				TEST_HOST = "$(BUILT_PRODUCTS_DIR)/TMDB.app/TMDB";
			};
			name = Debug;
		};
		BBAA914825FBAB200095DB27 /* Release */ = {
			isa = XCBuildConfiguration;
			buildSettings = {
				BUNDLE_LOADER = "$(TEST_HOST)";
				CODE_SIGN_STYLE = Automatic;
				DEVELOPMENT_TEAM = 6PL6THVP79;
				INFOPLIST_FILE = TMDBTests/Info.plist;
				IPHONEOS_DEPLOYMENT_TARGET = 13.0;
				LD_RUNPATH_SEARCH_PATHS = (
					"$(inherited)",
					"@executable_path/Frameworks",
					"@loader_path/Frameworks",
				);
				PRODUCT_BUNDLE_IDENTIFIER = com.home.ios.TMDBTests;
				PRODUCT_NAME = "$(TARGET_NAME)";
				SWIFT_VERSION = 5.0;
				TARGETED_DEVICE_FAMILY = "1,2";
				TEST_HOST = "$(BUILT_PRODUCTS_DIR)/TMDB.app/TMDB";
			};
			name = Release;
		};
/* End XCBuildConfiguration section */

/* Begin XCConfigurationList section */
		BBAA90EB25F9287A0095DB27 /* Build configuration list for PBXProject "TMDB" */ = {
			isa = XCConfigurationList;
			buildConfigurations = (
				BBAA910225F9287C0095DB27 /* Debug */,
				BBAA910325F9287C0095DB27 /* Release */,
			);
			defaultConfigurationIsVisible = 0;
			defaultConfigurationName = Release;
		};
		BBAA910425F9287C0095DB27 /* Build configuration list for PBXNativeTarget "TMDB" */ = {
			isa = XCConfigurationList;
			buildConfigurations = (
				BBAA910525F9287C0095DB27 /* Debug */,
				BBAA910625F9287C0095DB27 /* Release */,
			);
			defaultConfigurationIsVisible = 0;
			defaultConfigurationName = Release;
		};
		BBAA914625FBAB200095DB27 /* Build configuration list for PBXNativeTarget "TMDBTests" */ = {
			isa = XCConfigurationList;
			buildConfigurations = (
				BBAA914725FBAB200095DB27 /* Debug */,
				BBAA914825FBAB200095DB27 /* Release */,
			);
			defaultConfigurationIsVisible = 0;
			defaultConfigurationName = Release;
		};
/* End XCConfigurationList section */
	};
	rootObject = BBAA90E825F9287A0095DB27 /* Project object */;
}
