// !$*UTF8*$!
{
	archiveVersion = 1;
	classes = {
	};
	objectVersion = 51;
	objects = {

/* Begin PBXBuildFile section */
		57775DF4BBFE451716EB13F2 /* Pods_TMDBTests.framework in Frameworks */ = {isa = PBXBuildFile; fileRef = 2AA98EB030C1236C39DAD383 /* Pods_TMDBTests.framework */; };
		A02231CF2042FACA3436C860 /* Pods_TMDB.framework in Frameworks */ = {isa = PBXBuildFile; fileRef = 540E68142B75814D35CD3ECF /* Pods_TMDB.framework */; };
		BB0AC583261C48EB00CFA11B /* TabBarController.swift in Sources */ = {isa = PBXBuildFile; fileRef = BB0AC582261C48EB00CFA11B /* TabBarController.swift */; };
		BB0AC58B261C5BC300CFA11B /* MediaListTableView.swift in Sources */ = {isa = PBXBuildFile; fileRef = BB0AC58A261C5BC300CFA11B /* MediaListTableView.swift */; };
		BB0AC592261C5F9100CFA11B /* RefreshControl.swift in Sources */ = {isa = PBXBuildFile; fileRef = BB0AC591261C5F9100CFA11B /* RefreshControl.swift */; };
		BB0AC596261C616000CFA11B /* SegmentedControl.swift in Sources */ = {isa = PBXBuildFile; fileRef = BB0AC595261C616000CFA11B /* SegmentedControl.swift */; };
		BB0AC59A261D069900CFA11B /* MediaListViewModel.swift in Sources */ = {isa = PBXBuildFile; fileRef = BB0AC599261D069900CFA11B /* MediaListViewModel.swift */; };
		BB0AC5D7261F139600CFA11B /* TVDetailModel.swift in Sources */ = {isa = PBXBuildFile; fileRef = BB0AC5D6261F139600CFA11B /* TVDetailModel.swift */; };
		BB0AC5DB261F197600CFA11B /* MediaDetailProtocol.swift in Sources */ = {isa = PBXBuildFile; fileRef = BB0AC5DA261F197600CFA11B /* MediaDetailProtocol.swift */; };
		BB0AC5E6261F1ED300CFA11B /* MovieModel.swift in Sources */ = {isa = PBXBuildFile; fileRef = BB0AC5E5261F1ED300CFA11B /* MovieModel.swift */; };
		BB0AC5EB261F1FB600CFA11B /* TVSeasonProtocol.swift in Sources */ = {isa = PBXBuildFile; fileRef = BB0AC5EA261F1FB600CFA11B /* TVSeasonProtocol.swift */; };
		BB0AC5EF261F1FE000CFA11B /* TVEpisodeProtocol.swift in Sources */ = {isa = PBXBuildFile; fileRef = BB0AC5EE261F1FE000CFA11B /* TVEpisodeProtocol.swift */; };
		BB0AC5F3261F205B00CFA11B /* TVNetworkProtocol.swift in Sources */ = {isa = PBXBuildFile; fileRef = BB0AC5F2261F205B00CFA11B /* TVNetworkProtocol.swift */; };
		BB0AC5F7261F20A300CFA11B /* TVSeasonModel.swift in Sources */ = {isa = PBXBuildFile; fileRef = BB0AC5F6261F20A300CFA11B /* TVSeasonModel.swift */; };
		BB0AC5FB261F20C000CFA11B /* TVEpisodeModel.swift in Sources */ = {isa = PBXBuildFile; fileRef = BB0AC5FA261F20C000CFA11B /* TVEpisodeModel.swift */; };
		BB0AC600261F211300CFA11B /* TVNetworkModel.swift in Sources */ = {isa = PBXBuildFile; fileRef = BB0AC5FF261F211300CFA11B /* TVNetworkModel.swift */; };
		BB0AC606261F230B00CFA11B /* TVCreatorModel.swift in Sources */ = {isa = PBXBuildFile; fileRef = BB0AC605261F230B00CFA11B /* TVCreatorModel.swift */; };
		BB0AC60C261F4AFE00CFA11B /* GenreModel.swift in Sources */ = {isa = PBXBuildFile; fileRef = BB0AC60B261F4AFE00CFA11B /* GenreModel.swift */; };
		BB0AC612261F4B3A00CFA11B /* LanguageModel.swift in Sources */ = {isa = PBXBuildFile; fileRef = BB0AC611261F4B3A00CFA11B /* LanguageModel.swift */; };
		BB0AC616261F4B5400CFA11B /* CompanyModel.swift in Sources */ = {isa = PBXBuildFile; fileRef = BB0AC615261F4B5300CFA11B /* CompanyModel.swift */; };
		BB0AC61A261F4E2900CFA11B /* TVDetailViewModel.swift in Sources */ = {isa = PBXBuildFile; fileRef = BB0AC619261F4E2900CFA11B /* TVDetailViewModel.swift */; };
		BB0AC61E261F4F5100CFA11B /* TVDetailViewController.swift in Sources */ = {isa = PBXBuildFile; fileRef = BB0AC61D261F4F5100CFA11B /* TVDetailViewController.swift */; };
		BB0AC629261F65E200CFA11B /* TVPosterWrapperView.swift in Sources */ = {isa = PBXBuildFile; fileRef = BB0AC628261F65E200CFA11B /* TVPosterWrapperView.swift */; };
		BB0AC62F262060A900CFA11B /* TVPosterWrapperCellViewModel.swift in Sources */ = {isa = PBXBuildFile; fileRef = BB0AC62E262060A900CFA11B /* TVPosterWrapperCellViewModel.swift */; };
		BB0AC637262072F100CFA11B /* TVDetailCellViewModelMultipleSection.swift in Sources */ = {isa = PBXBuildFile; fileRef = BB0AC636262072F100CFA11B /* TVDetailCellViewModelMultipleSection.swift */; };
		BB0AC63C2620796500CFA11B /* TVPosterWrapperCell.swift in Sources */ = {isa = PBXBuildFile; fileRef = BB0AC63B2620796500CFA11B /* TVPosterWrapperCell.swift */; };
		BB0AC64026207D4400CFA11B /* TVDetailTableView.swift in Sources */ = {isa = PBXBuildFile; fileRef = BB0AC63F26207D4400CFA11B /* TVDetailTableView.swift */; };
		BB0AC64426208CE000CFA11B /* TVOverviewCellViewModel.swift in Sources */ = {isa = PBXBuildFile; fileRef = BB0AC64326208CE000CFA11B /* TVOverviewCellViewModel.swift */; };
		BB0AC64826208E6700CFA11B /* TVOverviewCell.swift in Sources */ = {isa = PBXBuildFile; fileRef = BB0AC64726208E6700CFA11B /* TVOverviewCell.swift */; };
		BB0AC64C26209FF500CFA11B /* UITableView+Extensions.swift in Sources */ = {isa = PBXBuildFile; fileRef = BB0AC64B26209FF500CFA11B /* UITableView+Extensions.swift */; };
		BB0AC6502620F9EF00CFA11B /* TVInfoCellViewModel.swift in Sources */ = {isa = PBXBuildFile; fileRef = BB0AC64F2620F9EF00CFA11B /* TVInfoCellViewModel.swift */; };
		BB0AC654262102E500CFA11B /* TVInfoCell.swift in Sources */ = {isa = PBXBuildFile; fileRef = BB0AC653262102E500CFA11B /* TVInfoCell.swift */; };
		BB0AC65A26210A7E00CFA11B /* CountryModel.swift in Sources */ = {isa = PBXBuildFile; fileRef = BB0AC65926210A7E00CFA11B /* CountryModel.swift */; };
		BB0AC65E2621227F00CFA11B /* TVRuntimeCellViewModel.swift in Sources */ = {isa = PBXBuildFile; fileRef = BB0AC65D2621227F00CFA11B /* TVRuntimeCellViewModel.swift */; };
		BB0AC6622621230700CFA11B /* TVRuntimeCell.swift in Sources */ = {isa = PBXBuildFile; fileRef = BB0AC6612621230700CFA11B /* TVRuntimeCell.swift */; };
		BB0AC668262129BF00CFA11B /* TVGenresCellViewModel.swift in Sources */ = {isa = PBXBuildFile; fileRef = BB0AC667262129BF00CFA11B /* TVGenresCellViewModel.swift */; };
		BB0AC66E26212B2F00CFA11B /* TVGenresCell.swift in Sources */ = {isa = PBXBuildFile; fileRef = BB0AC66D26212B2F00CFA11B /* TVGenresCell.swift */; };
		BB0AC67226212D6900CFA11B /* TVCreatorsCellViewModel.swift in Sources */ = {isa = PBXBuildFile; fileRef = BB0AC67126212D6900CFA11B /* TVCreatorsCellViewModel.swift */; };
		BB0AC67626212E2500CFA11B /* TVCreatorsCell.swift in Sources */ = {isa = PBXBuildFile; fileRef = BB0AC67526212E2500CFA11B /* TVCreatorsCell.swift */; };
		BB0AC67A2621319500CFA11B /* TVStatusCellViewModel.swift in Sources */ = {isa = PBXBuildFile; fileRef = BB0AC6792621319500CFA11B /* TVStatusCellViewModel.swift */; };
		BB0AC67E262131C300CFA11B /* TVStatusCell.swift in Sources */ = {isa = PBXBuildFile; fileRef = BB0AC67D262131C300CFA11B /* TVStatusCell.swift */; };
		BB0AC6842621F16B00CFA11B /* NavigationBarAppearance.swift in Sources */ = {isa = PBXBuildFile; fileRef = BB0AC6832621F16B00CFA11B /* NavigationBarAppearance.swift */; };
		BB0AC68C26220B7100CFA11B /* TVCreatorWithPhotoCellViewModel.swift in Sources */ = {isa = PBXBuildFile; fileRef = BB0AC68B26220B7100CFA11B /* TVCreatorWithPhotoCellViewModel.swift */; };
		BB0AC6922622117100CFA11B /* TVCreatorWithPhotoCell.swift in Sources */ = {isa = PBXBuildFile; fileRef = BB0AC6912622117100CFA11B /* TVCreatorWithPhotoCell.swift */; };
		BB0AC6C12622472F00CFA11B /* TVDetailDataSource.swift in Sources */ = {isa = PBXBuildFile; fileRef = BB0AC6BA2622462D00CFA11B /* TVDetailDataSource.swift */; };
		BB0AC6D52622506E00CFA11B /* TVSceneTransitionTest.swift in Sources */ = {isa = PBXBuildFile; fileRef = BB0AC6D42622506E00CFA11B /* TVSceneTransitionTest.swift */; };
		BB109FC8261B81AC008C50EE /* TabBarCoordinator.swift in Sources */ = {isa = PBXBuildFile; fileRef = BB109FC7261B81AC008C50EE /* TabBarCoordinator.swift */; };
		BB109FDC261B8971008C50EE /* TabBarControllerDataSource.swift in Sources */ = {isa = PBXBuildFile; fileRef = BB109FDB261B8971008C50EE /* TabBarControllerDataSource.swift */; };
		BB109FEA261B90BA008C50EE /* TabBarCoordinatorTest.swift in Sources */ = {isa = PBXBuildFile; fileRef = BB109FE9261B90BA008C50EE /* TabBarCoordinatorTest.swift */; };
		BB109FEE261B9A46008C50EE /* TVListCoordinator.swift in Sources */ = {isa = PBXBuildFile; fileRef = BB109FED261B9A46008C50EE /* TVListCoordinator.swift */; };
		BB109FF2261B9A60008C50EE /* FavoriteListCoordinator.swift in Sources */ = {isa = PBXBuildFile; fileRef = BB109FF1261B9A60008C50EE /* FavoriteListCoordinator.swift */; };
		BB4C7C242607CF9C0022EAFD /* MediaListViewModelTest.swift in Sources */ = {isa = PBXBuildFile; fileRef = BB4C7C232607CF9C0022EAFD /* MediaListViewModelTest.swift */; };
		BBAA90F425F9287A0095DB27 /* AppDelegate.swift in Sources */ = {isa = PBXBuildFile; fileRef = BBAA90F325F9287A0095DB27 /* AppDelegate.swift */; };
		BBAA90F625F9287A0095DB27 /* SceneDelegate.swift in Sources */ = {isa = PBXBuildFile; fileRef = BBAA90F525F9287A0095DB27 /* SceneDelegate.swift */; };
		BBAA90F825F9287A0095DB27 /* ViewController.swift in Sources */ = {isa = PBXBuildFile; fileRef = BBAA90F725F9287A0095DB27 /* ViewController.swift */; };
		BBAA90FD25F9287C0095DB27 /* Assets.xcassets in Resources */ = {isa = PBXBuildFile; fileRef = BBAA90FC25F9287C0095DB27 /* Assets.xcassets */; };
		BBAA910025F9287C0095DB27 /* LaunchScreen.storyboard in Resources */ = {isa = PBXBuildFile; fileRef = BBAA90FE25F9287C0095DB27 /* LaunchScreen.storyboard */; };
		BBAA912F25FB9EAE0095DB27 /* Coordinator.swift in Sources */ = {isa = PBXBuildFile; fileRef = BBAA912E25FB9EAE0095DB27 /* Coordinator.swift */; };
		BBAA913225FBA4DB0095DB27 /* AppCoordinator.swift in Sources */ = {isa = PBXBuildFile; fileRef = BBAA913125FBA4DB0095DB27 /* AppCoordinator.swift */; };
		BBAA913525FBA8F80095DB27 /* MovieListCoordinator.swift in Sources */ = {isa = PBXBuildFile; fileRef = BBAA913425FBA8F80095DB27 /* MovieListCoordinator.swift */; };
		BBAA914225FBAB200095DB27 /* AppCoordinatorTest.swift in Sources */ = {isa = PBXBuildFile; fileRef = BBAA914125FBAB200095DB27 /* AppCoordinatorTest.swift */; };
		BBAA915325FFE9FE0095DB27 /* TVModel.swift in Sources */ = {isa = PBXBuildFile; fileRef = BBAA915225FFE9FE0095DB27 /* TVModel.swift */; };
		BBAA915725FFEA670095DB27 /* MediaProtocol.swift in Sources */ = {isa = PBXBuildFile; fileRef = BBAA915625FFEA670095DB27 /* MediaProtocol.swift */; };
		BBAA915B25FFECAC0095DB27 /* MediaListResponse.swift in Sources */ = {isa = PBXBuildFile; fileRef = BBAA915A25FFECAC0095DB27 /* MediaListResponse.swift */; };
		BBAA915F25FFECCC0095DB27 /* MediaListResponseProtocol.swift in Sources */ = {isa = PBXBuildFile; fileRef = BBAA915E25FFECCC0095DB27 /* MediaListResponseProtocol.swift */; };
		BBAA916625FFF2F80095DB27 /* NetworkManagerProtocol.swift in Sources */ = {isa = PBXBuildFile; fileRef = BBAA916525FFF2F80095DB27 /* NetworkManagerProtocol.swift */; };
		BBAA916A25FFF3DF0095DB27 /* NetworkManager.swift in Sources */ = {isa = PBXBuildFile; fileRef = BBAA916925FFF3DF0095DB27 /* NetworkManager.swift */; };
		BBAA916E25FFFA2C0095DB27 /* TmdbAPI.swift in Sources */ = {isa = PBXBuildFile; fileRef = BBAA916D25FFFA2C0095DB27 /* TmdbAPI.swift */; };
		BBAA917425FFFA6D0095DB27 /* API.swift in Sources */ = {isa = PBXBuildFile; fileRef = BBAA917325FFFA6D0095DB27 /* API.swift */; };
		BBAA917F2600DD950095DB27 /* MediaListViewController.swift in Sources */ = {isa = PBXBuildFile; fileRef = BBAA917E2600DD950095DB27 /* MediaListViewController.swift */; };
		BBAA918A2600E30D0095DB27 /* ViewModelType.swift in Sources */ = {isa = PBXBuildFile; fileRef = BBAA91892600E30D0095DB27 /* ViewModelType.swift */; };
		BBAA918E2600E3320095DB27 /* BindableType.swift in Sources */ = {isa = PBXBuildFile; fileRef = BBAA918D2600E3320095DB27 /* BindableType.swift */; };
		BBAA9196260157380095DB27 /* MediaListCoordinatorTest.swift in Sources */ = {isa = PBXBuildFile; fileRef = BBAA9195260157380095DB27 /* MediaListCoordinatorTest.swift */; };
		BBAA91A82602465F0095DB27 /* MediaCellViewModel.swift in Sources */ = {isa = PBXBuildFile; fileRef = BBAA91A72602465F0095DB27 /* MediaCellViewModel.swift */; };
		BBAA91AE2602622C0095DB27 /* MediaCellViewModelSection.swift in Sources */ = {isa = PBXBuildFile; fileRef = BBAA91AD2602622C0095DB27 /* MediaCellViewModelSection.swift */; };
		BBAA91B2260267880095DB27 /* MediaListDataSource.swift in Sources */ = {isa = PBXBuildFile; fileRef = BBAA91B1260267880095DB27 /* MediaListDataSource.swift */; };
		BBAA91B72602A8270095DB27 /* MediaTableViewCell.swift in Sources */ = {isa = PBXBuildFile; fileRef = BBAA91B62602A8270095DB27 /* MediaTableViewCell.swift */; };
		BBAA91BC2602DF440095DB27 /* ImageURL.swift in Sources */ = {isa = PBXBuildFile; fileRef = BBAA91BB2602DF440095DB27 /* ImageURL.swift */; };
		BBAA91D22603ED570095DB27 /* URL+Extensions.swift in Sources */ = {isa = PBXBuildFile; fileRef = BBAA91D12603ED570095DB27 /* URL+Extensions.swift */; };
		BBAA91FA260566FF0095DB27 /* CircleProgressBar.swift in Sources */ = {isa = PBXBuildFile; fileRef = BBAA91F9260566FE0095DB27 /* CircleProgressBar.swift */; };
/* End PBXBuildFile section */

/* Begin PBXContainerItemProxy section */
		BBAA914425FBAB200095DB27 /* PBXContainerItemProxy */ = {
			isa = PBXContainerItemProxy;
			containerPortal = BBAA90E825F9287A0095DB27 /* Project object */;
			proxyType = 1;
			remoteGlobalIDString = BBAA90EF25F9287A0095DB27;
			remoteInfo = TMDB;
		};
/* End PBXContainerItemProxy section */

/* Begin PBXFileReference section */
		2AA98EB030C1236C39DAD383 /* Pods_TMDBTests.framework */ = {isa = PBXFileReference; explicitFileType = wrapper.framework; includeInIndex = 0; path = Pods_TMDBTests.framework; sourceTree = BUILT_PRODUCTS_DIR; };
		2E645F0C8A36025AB97B1375 /* Pods-TMDBTests.debug.xcconfig */ = {isa = PBXFileReference; includeInIndex = 1; lastKnownFileType = text.xcconfig; name = "Pods-TMDBTests.debug.xcconfig"; path = "Target Support Files/Pods-TMDBTests/Pods-TMDBTests.debug.xcconfig"; sourceTree = "<group>"; };
		3159522495BC9CB644E5749C /* Pods-TMDB.release.xcconfig */ = {isa = PBXFileReference; includeInIndex = 1; lastKnownFileType = text.xcconfig; name = "Pods-TMDB.release.xcconfig"; path = "Target Support Files/Pods-TMDB/Pods-TMDB.release.xcconfig"; sourceTree = "<group>"; };
		540E68142B75814D35CD3ECF /* Pods_TMDB.framework */ = {isa = PBXFileReference; explicitFileType = wrapper.framework; includeInIndex = 0; path = Pods_TMDB.framework; sourceTree = BUILT_PRODUCTS_DIR; };
		586AABA755050441B801F822 /* Pods-TMDB.debug.xcconfig */ = {isa = PBXFileReference; includeInIndex = 1; lastKnownFileType = text.xcconfig; name = "Pods-TMDB.debug.xcconfig"; path = "Target Support Files/Pods-TMDB/Pods-TMDB.debug.xcconfig"; sourceTree = "<group>"; };
		BB0AC582261C48EB00CFA11B /* TabBarController.swift */ = {isa = PBXFileReference; lastKnownFileType = sourcecode.swift; path = TabBarController.swift; sourceTree = "<group>"; };
		BB0AC58A261C5BC300CFA11B /* MediaListTableView.swift */ = {isa = PBXFileReference; lastKnownFileType = sourcecode.swift; path = MediaListTableView.swift; sourceTree = "<group>"; };
		BB0AC591261C5F9100CFA11B /* RefreshControl.swift */ = {isa = PBXFileReference; lastKnownFileType = sourcecode.swift; path = RefreshControl.swift; sourceTree = "<group>"; };
		BB0AC595261C616000CFA11B /* SegmentedControl.swift */ = {isa = PBXFileReference; lastKnownFileType = sourcecode.swift; path = SegmentedControl.swift; sourceTree = "<group>"; };
		BB0AC599261D069900CFA11B /* MediaListViewModel.swift */ = {isa = PBXFileReference; lastKnownFileType = sourcecode.swift; path = MediaListViewModel.swift; sourceTree = "<group>"; };
		BB0AC5D6261F139600CFA11B /* TVDetailModel.swift */ = {isa = PBXFileReference; lastKnownFileType = sourcecode.swift; path = TVDetailModel.swift; sourceTree = "<group>"; };
		BB0AC5DA261F197600CFA11B /* MediaDetailProtocol.swift */ = {isa = PBXFileReference; lastKnownFileType = sourcecode.swift; path = MediaDetailProtocol.swift; sourceTree = "<group>"; };
		BB0AC5E5261F1ED300CFA11B /* MovieModel.swift */ = {isa = PBXFileReference; lastKnownFileType = sourcecode.swift; path = MovieModel.swift; sourceTree = "<group>"; };
		BB0AC5EA261F1FB600CFA11B /* TVSeasonProtocol.swift */ = {isa = PBXFileReference; lastKnownFileType = sourcecode.swift; path = TVSeasonProtocol.swift; sourceTree = "<group>"; };
		BB0AC5EE261F1FE000CFA11B /* TVEpisodeProtocol.swift */ = {isa = PBXFileReference; lastKnownFileType = sourcecode.swift; path = TVEpisodeProtocol.swift; sourceTree = "<group>"; };
		BB0AC5F2261F205B00CFA11B /* TVNetworkProtocol.swift */ = {isa = PBXFileReference; lastKnownFileType = sourcecode.swift; path = TVNetworkProtocol.swift; sourceTree = "<group>"; };
		BB0AC5F6261F20A300CFA11B /* TVSeasonModel.swift */ = {isa = PBXFileReference; lastKnownFileType = sourcecode.swift; path = TVSeasonModel.swift; sourceTree = "<group>"; };
		BB0AC5FA261F20C000CFA11B /* TVEpisodeModel.swift */ = {isa = PBXFileReference; lastKnownFileType = sourcecode.swift; path = TVEpisodeModel.swift; sourceTree = "<group>"; };
		BB0AC5FF261F211300CFA11B /* TVNetworkModel.swift */ = {isa = PBXFileReference; lastKnownFileType = sourcecode.swift; path = TVNetworkModel.swift; sourceTree = "<group>"; };
		BB0AC605261F230B00CFA11B /* TVCreatorModel.swift */ = {isa = PBXFileReference; lastKnownFileType = sourcecode.swift; path = TVCreatorModel.swift; sourceTree = "<group>"; };
		BB0AC60B261F4AFE00CFA11B /* GenreModel.swift */ = {isa = PBXFileReference; lastKnownFileType = sourcecode.swift; path = GenreModel.swift; sourceTree = "<group>"; };
		BB0AC611261F4B3A00CFA11B /* LanguageModel.swift */ = {isa = PBXFileReference; lastKnownFileType = sourcecode.swift; path = LanguageModel.swift; sourceTree = "<group>"; };
		BB0AC615261F4B5300CFA11B /* CompanyModel.swift */ = {isa = PBXFileReference; lastKnownFileType = sourcecode.swift; path = CompanyModel.swift; sourceTree = "<group>"; };
		BB0AC619261F4E2900CFA11B /* TVDetailViewModel.swift */ = {isa = PBXFileReference; lastKnownFileType = sourcecode.swift; path = TVDetailViewModel.swift; sourceTree = "<group>"; };
		BB0AC61D261F4F5100CFA11B /* TVDetailViewController.swift */ = {isa = PBXFileReference; lastKnownFileType = sourcecode.swift; path = TVDetailViewController.swift; sourceTree = "<group>"; };
		BB0AC628261F65E200CFA11B /* TVPosterWrapperView.swift */ = {isa = PBXFileReference; lastKnownFileType = sourcecode.swift; path = TVPosterWrapperView.swift; sourceTree = "<group>"; };
		BB0AC62E262060A900CFA11B /* TVPosterWrapperCellViewModel.swift */ = {isa = PBXFileReference; lastKnownFileType = sourcecode.swift; path = TVPosterWrapperCellViewModel.swift; sourceTree = "<group>"; };
		BB0AC636262072F100CFA11B /* TVDetailCellViewModelMultipleSection.swift */ = {isa = PBXFileReference; lastKnownFileType = sourcecode.swift; path = TVDetailCellViewModelMultipleSection.swift; sourceTree = "<group>"; };
		BB0AC63B2620796500CFA11B /* TVPosterWrapperCell.swift */ = {isa = PBXFileReference; lastKnownFileType = sourcecode.swift; path = TVPosterWrapperCell.swift; sourceTree = "<group>"; };
		BB0AC63F26207D4400CFA11B /* TVDetailTableView.swift */ = {isa = PBXFileReference; lastKnownFileType = sourcecode.swift; path = TVDetailTableView.swift; sourceTree = "<group>"; };
		BB0AC64326208CE000CFA11B /* TVOverviewCellViewModel.swift */ = {isa = PBXFileReference; lastKnownFileType = sourcecode.swift; path = TVOverviewCellViewModel.swift; sourceTree = "<group>"; };
		BB0AC64726208E6700CFA11B /* TVOverviewCell.swift */ = {isa = PBXFileReference; lastKnownFileType = sourcecode.swift; path = TVOverviewCell.swift; sourceTree = "<group>"; };
		BB0AC64B26209FF500CFA11B /* UITableView+Extensions.swift */ = {isa = PBXFileReference; lastKnownFileType = sourcecode.swift; path = "UITableView+Extensions.swift"; sourceTree = "<group>"; };
		BB0AC64F2620F9EF00CFA11B /* TVInfoCellViewModel.swift */ = {isa = PBXFileReference; lastKnownFileType = sourcecode.swift; path = TVInfoCellViewModel.swift; sourceTree = "<group>"; };
		BB0AC653262102E500CFA11B /* TVInfoCell.swift */ = {isa = PBXFileReference; lastKnownFileType = sourcecode.swift; path = TVInfoCell.swift; sourceTree = "<group>"; };
		BB0AC65926210A7E00CFA11B /* CountryModel.swift */ = {isa = PBXFileReference; lastKnownFileType = sourcecode.swift; path = CountryModel.swift; sourceTree = "<group>"; };
		BB0AC65D2621227F00CFA11B /* TVRuntimeCellViewModel.swift */ = {isa = PBXFileReference; lastKnownFileType = sourcecode.swift; path = TVRuntimeCellViewModel.swift; sourceTree = "<group>"; };
		BB0AC6612621230700CFA11B /* TVRuntimeCell.swift */ = {isa = PBXFileReference; lastKnownFileType = sourcecode.swift; path = TVRuntimeCell.swift; sourceTree = "<group>"; };
		BB0AC667262129BF00CFA11B /* TVGenresCellViewModel.swift */ = {isa = PBXFileReference; lastKnownFileType = sourcecode.swift; path = TVGenresCellViewModel.swift; sourceTree = "<group>"; };
		BB0AC66D26212B2F00CFA11B /* TVGenresCell.swift */ = {isa = PBXFileReference; lastKnownFileType = sourcecode.swift; path = TVGenresCell.swift; sourceTree = "<group>"; };
		BB0AC67126212D6900CFA11B /* TVCreatorsCellViewModel.swift */ = {isa = PBXFileReference; lastKnownFileType = sourcecode.swift; path = TVCreatorsCellViewModel.swift; sourceTree = "<group>"; };
		BB0AC67526212E2500CFA11B /* TVCreatorsCell.swift */ = {isa = PBXFileReference; lastKnownFileType = sourcecode.swift; path = TVCreatorsCell.swift; sourceTree = "<group>"; };
		BB0AC6792621319500CFA11B /* TVStatusCellViewModel.swift */ = {isa = PBXFileReference; lastKnownFileType = sourcecode.swift; path = TVStatusCellViewModel.swift; sourceTree = "<group>"; };
		BB0AC67D262131C300CFA11B /* TVStatusCell.swift */ = {isa = PBXFileReference; lastKnownFileType = sourcecode.swift; path = TVStatusCell.swift; sourceTree = "<group>"; };
		BB0AC6832621F16B00CFA11B /* NavigationBarAppearance.swift */ = {isa = PBXFileReference; lastKnownFileType = sourcecode.swift; path = NavigationBarAppearance.swift; sourceTree = "<group>"; };
		BB0AC68B26220B7100CFA11B /* TVCreatorWithPhotoCellViewModel.swift */ = {isa = PBXFileReference; lastKnownFileType = sourcecode.swift; path = TVCreatorWithPhotoCellViewModel.swift; sourceTree = "<group>"; };
		BB0AC6912622117100CFA11B /* TVCreatorWithPhotoCell.swift */ = {isa = PBXFileReference; lastKnownFileType = sourcecode.swift; path = TVCreatorWithPhotoCell.swift; sourceTree = "<group>"; };
		BB0AC6BA2622462D00CFA11B /* TVDetailDataSource.swift */ = {isa = PBXFileReference; lastKnownFileType = sourcecode.swift; path = TVDetailDataSource.swift; sourceTree = "<group>"; };
		BB0AC6D42622506E00CFA11B /* TVSceneTransitionTest.swift */ = {isa = PBXFileReference; lastKnownFileType = sourcecode.swift; path = TVSceneTransitionTest.swift; sourceTree = "<group>"; };
		BB109FC7261B81AC008C50EE /* TabBarCoordinator.swift */ = {isa = PBXFileReference; lastKnownFileType = sourcecode.swift; path = TabBarCoordinator.swift; sourceTree = "<group>"; };
		BB109FDB261B8971008C50EE /* TabBarControllerDataSource.swift */ = {isa = PBXFileReference; lastKnownFileType = sourcecode.swift; path = TabBarControllerDataSource.swift; sourceTree = "<group>"; };
		BB109FE9261B90BA008C50EE /* TabBarCoordinatorTest.swift */ = {isa = PBXFileReference; lastKnownFileType = sourcecode.swift; path = TabBarCoordinatorTest.swift; sourceTree = "<group>"; };
		BB109FED261B9A46008C50EE /* TVListCoordinator.swift */ = {isa = PBXFileReference; lastKnownFileType = sourcecode.swift; path = TVListCoordinator.swift; sourceTree = "<group>"; };
		BB109FF1261B9A60008C50EE /* FavoriteListCoordinator.swift */ = {isa = PBXFileReference; lastKnownFileType = sourcecode.swift; path = FavoriteListCoordinator.swift; sourceTree = "<group>"; };
		BB4C7C232607CF9C0022EAFD /* MediaListViewModelTest.swift */ = {isa = PBXFileReference; lastKnownFileType = sourcecode.swift; path = MediaListViewModelTest.swift; sourceTree = "<group>"; };
		BBAA90F025F9287A0095DB27 /* TMDB.app */ = {isa = PBXFileReference; explicitFileType = wrapper.application; includeInIndex = 0; path = TMDB.app; sourceTree = BUILT_PRODUCTS_DIR; };
		BBAA90F325F9287A0095DB27 /* AppDelegate.swift */ = {isa = PBXFileReference; lastKnownFileType = sourcecode.swift; path = AppDelegate.swift; sourceTree = "<group>"; };
		BBAA90F525F9287A0095DB27 /* SceneDelegate.swift */ = {isa = PBXFileReference; lastKnownFileType = sourcecode.swift; path = SceneDelegate.swift; sourceTree = "<group>"; };
		BBAA90F725F9287A0095DB27 /* ViewController.swift */ = {isa = PBXFileReference; lastKnownFileType = sourcecode.swift; path = ViewController.swift; sourceTree = "<group>"; };
		BBAA90FC25F9287C0095DB27 /* Assets.xcassets */ = {isa = PBXFileReference; lastKnownFileType = folder.assetcatalog; path = Assets.xcassets; sourceTree = "<group>"; };
		BBAA90FF25F9287C0095DB27 /* Base */ = {isa = PBXFileReference; lastKnownFileType = file.storyboard; name = Base; path = Base.lproj/LaunchScreen.storyboard; sourceTree = "<group>"; };
		BBAA910125F9287C0095DB27 /* Info.plist */ = {isa = PBXFileReference; lastKnownFileType = text.plist.xml; path = Info.plist; sourceTree = "<group>"; };
		BBAA912E25FB9EAE0095DB27 /* Coordinator.swift */ = {isa = PBXFileReference; lastKnownFileType = sourcecode.swift; path = Coordinator.swift; sourceTree = "<group>"; };
		BBAA913125FBA4DB0095DB27 /* AppCoordinator.swift */ = {isa = PBXFileReference; lastKnownFileType = sourcecode.swift; path = AppCoordinator.swift; sourceTree = "<group>"; };
		BBAA913425FBA8F80095DB27 /* MovieListCoordinator.swift */ = {isa = PBXFileReference; lastKnownFileType = sourcecode.swift; path = MovieListCoordinator.swift; sourceTree = "<group>"; };
		BBAA913F25FBAB200095DB27 /* TMDBTests.xctest */ = {isa = PBXFileReference; explicitFileType = wrapper.cfbundle; includeInIndex = 0; path = TMDBTests.xctest; sourceTree = BUILT_PRODUCTS_DIR; };
		BBAA914125FBAB200095DB27 /* AppCoordinatorTest.swift */ = {isa = PBXFileReference; lastKnownFileType = sourcecode.swift; path = AppCoordinatorTest.swift; sourceTree = "<group>"; };
		BBAA914325FBAB200095DB27 /* Info.plist */ = {isa = PBXFileReference; lastKnownFileType = text.plist.xml; path = Info.plist; sourceTree = "<group>"; };
		BBAA915225FFE9FE0095DB27 /* TVModel.swift */ = {isa = PBXFileReference; lastKnownFileType = sourcecode.swift; path = TVModel.swift; sourceTree = "<group>"; };
		BBAA915625FFEA670095DB27 /* MediaProtocol.swift */ = {isa = PBXFileReference; lastKnownFileType = sourcecode.swift; path = MediaProtocol.swift; sourceTree = "<group>"; };
		BBAA915A25FFECAC0095DB27 /* MediaListResponse.swift */ = {isa = PBXFileReference; lastKnownFileType = sourcecode.swift; path = MediaListResponse.swift; sourceTree = "<group>"; };
		BBAA915E25FFECCC0095DB27 /* MediaListResponseProtocol.swift */ = {isa = PBXFileReference; lastKnownFileType = sourcecode.swift; path = MediaListResponseProtocol.swift; sourceTree = "<group>"; };
		BBAA916525FFF2F80095DB27 /* NetworkManagerProtocol.swift */ = {isa = PBXFileReference; lastKnownFileType = sourcecode.swift; path = NetworkManagerProtocol.swift; sourceTree = "<group>"; };
		BBAA916925FFF3DF0095DB27 /* NetworkManager.swift */ = {isa = PBXFileReference; lastKnownFileType = sourcecode.swift; path = NetworkManager.swift; sourceTree = "<group>"; };
		BBAA916D25FFFA2C0095DB27 /* TmdbAPI.swift */ = {isa = PBXFileReference; lastKnownFileType = sourcecode.swift; path = TmdbAPI.swift; sourceTree = "<group>"; };
		BBAA917325FFFA6D0095DB27 /* API.swift */ = {isa = PBXFileReference; lastKnownFileType = sourcecode.swift; path = API.swift; sourceTree = "<group>"; };
		BBAA917E2600DD950095DB27 /* MediaListViewController.swift */ = {isa = PBXFileReference; lastKnownFileType = sourcecode.swift; path = MediaListViewController.swift; sourceTree = "<group>"; };
		BBAA91892600E30D0095DB27 /* ViewModelType.swift */ = {isa = PBXFileReference; lastKnownFileType = sourcecode.swift; path = ViewModelType.swift; sourceTree = "<group>"; };
		BBAA918D2600E3320095DB27 /* BindableType.swift */ = {isa = PBXFileReference; lastKnownFileType = sourcecode.swift; path = BindableType.swift; sourceTree = "<group>"; };
		BBAA9195260157380095DB27 /* MediaListCoordinatorTest.swift */ = {isa = PBXFileReference; lastKnownFileType = sourcecode.swift; path = MediaListCoordinatorTest.swift; sourceTree = "<group>"; };
		BBAA91A72602465F0095DB27 /* MediaCellViewModel.swift */ = {isa = PBXFileReference; lastKnownFileType = sourcecode.swift; path = MediaCellViewModel.swift; sourceTree = "<group>"; };
		BBAA91AD2602622C0095DB27 /* MediaCellViewModelSection.swift */ = {isa = PBXFileReference; lastKnownFileType = sourcecode.swift; path = MediaCellViewModelSection.swift; sourceTree = "<group>"; };
		BBAA91B1260267880095DB27 /* MediaListDataSource.swift */ = {isa = PBXFileReference; lastKnownFileType = sourcecode.swift; path = MediaListDataSource.swift; sourceTree = "<group>"; };
		BBAA91B62602A8270095DB27 /* MediaTableViewCell.swift */ = {isa = PBXFileReference; lastKnownFileType = sourcecode.swift; path = MediaTableViewCell.swift; sourceTree = "<group>"; };
		BBAA91BB2602DF440095DB27 /* ImageURL.swift */ = {isa = PBXFileReference; lastKnownFileType = sourcecode.swift; path = ImageURL.swift; sourceTree = "<group>"; };
		BBAA91D12603ED570095DB27 /* URL+Extensions.swift */ = {isa = PBXFileReference; lastKnownFileType = sourcecode.swift; path = "URL+Extensions.swift"; sourceTree = "<group>"; };
		BBAA91F9260566FE0095DB27 /* CircleProgressBar.swift */ = {isa = PBXFileReference; lastKnownFileType = sourcecode.swift; path = CircleProgressBar.swift; sourceTree = "<group>"; };
		E464298C2C017D1E52A878F5 /* Pods-TMDBTests.release.xcconfig */ = {isa = PBXFileReference; includeInIndex = 1; lastKnownFileType = text.xcconfig; name = "Pods-TMDBTests.release.xcconfig"; path = "Target Support Files/Pods-TMDBTests/Pods-TMDBTests.release.xcconfig"; sourceTree = "<group>"; };
/* End PBXFileReference section */

/* Begin PBXFrameworksBuildPhase section */
		BBAA90ED25F9287A0095DB27 /* Frameworks */ = {
			isa = PBXFrameworksBuildPhase;
			buildActionMask = 2147483647;
			files = (
				A02231CF2042FACA3436C860 /* Pods_TMDB.framework in Frameworks */,
			);
			runOnlyForDeploymentPostprocessing = 0;
		};
		BBAA913C25FBAB200095DB27 /* Frameworks */ = {
			isa = PBXFrameworksBuildPhase;
			buildActionMask = 2147483647;
			files = (
				57775DF4BBFE451716EB13F2 /* Pods_TMDBTests.framework in Frameworks */,
			);
			runOnlyForDeploymentPostprocessing = 0;
		};
/* End PBXFrameworksBuildPhase section */

/* Begin PBXGroup section */
		3B4107444D4AD6FE4763595D /* Pods */ = {
			isa = PBXGroup;
			children = (
				586AABA755050441B801F822 /* Pods-TMDB.debug.xcconfig */,
				3159522495BC9CB644E5749C /* Pods-TMDB.release.xcconfig */,
				2E645F0C8A36025AB97B1375 /* Pods-TMDBTests.debug.xcconfig */,
				E464298C2C017D1E52A878F5 /* Pods-TMDBTests.release.xcconfig */,
			);
			path = Pods;
			sourceTree = "<group>";
		};
		BB0AC590261C5F7000CFA11B /* Common */ = {
			isa = PBXGroup;
			children = (
				BB0AC6B5262245BE00CFA11B /* Protocols */,
				BBAA91BA2602DF380095DB27 /* Helpers */,
				BBAA91D02603ED460095DB27 /* Extensions */,
				BB0AC6B02622448200CFA11B /* Views */,
			);
			path = Common;
			sourceTree = "<group>";
		};
		BB0AC5D4261F136F00CFA11B /* Common */ = {
			isa = PBXGroup;
			children = (
				BB0AC60B261F4AFE00CFA11B /* GenreModel.swift */,
				BB0AC611261F4B3A00CFA11B /* LanguageModel.swift */,
				BB0AC615261F4B5300CFA11B /* CompanyModel.swift */,
				BB0AC65926210A7E00CFA11B /* CountryModel.swift */,
			);
			path = Common;
			sourceTree = "<group>";
		};
		BB0AC5DF261F1A4300CFA11B /* Movie */ = {
			isa = PBXGroup;
			children = (
				BB0AC5E5261F1ED300CFA11B /* MovieModel.swift */,
			);
			path = Movie;
			sourceTree = "<group>";
		};
		BB0AC5E0261F1A4800CFA11B /* TV */ = {
			isa = PBXGroup;
			children = (
				BBAA915225FFE9FE0095DB27 /* TVModel.swift */,
				BB0AC5D6261F139600CFA11B /* TVDetailModel.swift */,
				BB0AC5FF261F211300CFA11B /* TVNetworkModel.swift */,
				BB0AC605261F230B00CFA11B /* TVCreatorModel.swift */,
				BB0AC5F6261F20A300CFA11B /* TVSeasonModel.swift */,
				BB0AC5FA261F20C000CFA11B /* TVEpisodeModel.swift */,
			);
			path = TV;
			sourceTree = "<group>";
		};
		BB0AC5E9261F1F2C00CFA11B /* Protocols */ = {
			isa = PBXGroup;
			children = (
				BBAA915625FFEA670095DB27 /* MediaProtocol.swift */,
				BB0AC5DA261F197600CFA11B /* MediaDetailProtocol.swift */,
				BB0AC5EA261F1FB600CFA11B /* TVSeasonProtocol.swift */,
				BB0AC5EE261F1FE000CFA11B /* TVEpisodeProtocol.swift */,
				BB0AC5F2261F205B00CFA11B /* TVNetworkProtocol.swift */,
			);
			path = Protocols;
			sourceTree = "<group>";
		};
		BB0AC6972622438D00CFA11B /* Scene */ = {
			isa = PBXGroup;
			children = (
				BB0AC699262243A200CFA11B /* TVDetail */,
				BB0AC6982622439400CFA11B /* Media */,
			);
			path = Scene;
			sourceTree = "<group>";
		};
		BB0AC6982622439400CFA11B /* Media */ = {
			isa = PBXGroup;
			children = (
				BB0AC6B82622461500CFA11B /* DataSource */,
				BB0AC69B262243BC00CFA11B /* ViewModel */,
				BB0AC69A262243AA00CFA11B /* View */,
			);
			path = Media;
			sourceTree = "<group>";
		};
		BB0AC699262243A200CFA11B /* TVDetail */ = {
			isa = PBXGroup;
			children = (
				BB0AC6B92622462300CFA11B /* DataSource */,
				BB0AC69E262243D200CFA11B /* ViewModel */,
				BB0AC69C262243C500CFA11B /* View */,
			);
			path = TVDetail;
			sourceTree = "<group>";
		};
		BB0AC69A262243AA00CFA11B /* View */ = {
			isa = PBXGroup;
			children = (
				BBAA917E2600DD950095DB27 /* MediaListViewController.swift */,
				BB0AC6AB2622444B00CFA11B /* Cell */,
			);
			path = View;
			sourceTree = "<group>";
		};
		BB0AC69B262243BC00CFA11B /* ViewModel */ = {
			isa = PBXGroup;
			children = (
				BB0AC599261D069900CFA11B /* MediaListViewModel.swift */,
				BB0AC6AA2622444400CFA11B /* CellViewModel */,
			);
			path = ViewModel;
			sourceTree = "<group>";
		};
		BB0AC69C262243C500CFA11B /* View */ = {
			isa = PBXGroup;
			children = (
				BB0AC61D261F4F5100CFA11B /* TVDetailViewController.swift */,
				BB0AC69D262243CA00CFA11B /* Cell */,
			);
			path = View;
			sourceTree = "<group>";
		};
		BB0AC69D262243CA00CFA11B /* Cell */ = {
			isa = PBXGroup;
			children = (
				BB0AC63B2620796500CFA11B /* TVPosterWrapperCell.swift */,
				BB0AC64726208E6700CFA11B /* TVOverviewCell.swift */,
				BB0AC653262102E500CFA11B /* TVInfoCell.swift */,
				BB0AC67D262131C300CFA11B /* TVStatusCell.swift */,
				BB0AC6612621230700CFA11B /* TVRuntimeCell.swift */,
				BB0AC66D26212B2F00CFA11B /* TVGenresCell.swift */,
				BB0AC67526212E2500CFA11B /* TVCreatorsCell.swift */,
				BB0AC6912622117100CFA11B /* TVCreatorWithPhotoCell.swift */,
			);
			path = Cell;
			sourceTree = "<group>";
		};
		BB0AC69E262243D200CFA11B /* ViewModel */ = {
			isa = PBXGroup;
			children = (
				BB0AC619261F4E2900CFA11B /* TVDetailViewModel.swift */,
				BB0AC69F262243DE00CFA11B /* CellViewModel */,
			);
			path = ViewModel;
			sourceTree = "<group>";
		};
		BB0AC69F262243DE00CFA11B /* CellViewModel */ = {
			isa = PBXGroup;
			children = (
				BB0AC636262072F100CFA11B /* TVDetailCellViewModelMultipleSection.swift */,
				BB0AC62E262060A900CFA11B /* TVPosterWrapperCellViewModel.swift */,
				BB0AC64326208CE000CFA11B /* TVOverviewCellViewModel.swift */,
				BB0AC64F2620F9EF00CFA11B /* TVInfoCellViewModel.swift */,
				BB0AC6792621319500CFA11B /* TVStatusCellViewModel.swift */,
				BB0AC667262129BF00CFA11B /* TVGenresCellViewModel.swift */,
				BB0AC65D2621227F00CFA11B /* TVRuntimeCellViewModel.swift */,
				BB0AC67126212D6900CFA11B /* TVCreatorsCellViewModel.swift */,
				BB0AC68B26220B7100CFA11B /* TVCreatorWithPhotoCellViewModel.swift */,
			);
			path = CellViewModel;
			sourceTree = "<group>";
		};
		BB0AC6AA2622444400CFA11B /* CellViewModel */ = {
			isa = PBXGroup;
			children = (
				BBAA91A72602465F0095DB27 /* MediaCellViewModel.swift */,
				BBAA91AD2602622C0095DB27 /* MediaCellViewModelSection.swift */,
			);
			path = CellViewModel;
			sourceTree = "<group>";
		};
		BB0AC6AB2622444B00CFA11B /* Cell */ = {
			isa = PBXGroup;
			children = (
				BBAA91B62602A8270095DB27 /* MediaTableViewCell.swift */,
			);
			path = Cell;
			sourceTree = "<group>";
		};
		BB0AC6B02622448200CFA11B /* Views */ = {
			isa = PBXGroup;
			children = (
				BB0AC58A261C5BC300CFA11B /* MediaListTableView.swift */,
				BB0AC591261C5F9100CFA11B /* RefreshControl.swift */,
				BB0AC595261C616000CFA11B /* SegmentedControl.swift */,
				BB0AC628261F65E200CFA11B /* TVPosterWrapperView.swift */,
				BB0AC63F26207D4400CFA11B /* TVDetailTableView.swift */,
				BB0AC6832621F16B00CFA11B /* NavigationBarAppearance.swift */,
			);
			path = Views;
			sourceTree = "<group>";
		};
		BB0AC6B5262245BE00CFA11B /* Protocols */ = {
			isa = PBXGroup;
			children = (
				BBAA91892600E30D0095DB27 /* ViewModelType.swift */,
				BBAA918D2600E3320095DB27 /* BindableType.swift */,
			);
			path = Protocols;
			sourceTree = "<group>";
		};
		BB0AC6B82622461500CFA11B /* DataSource */ = {
			isa = PBXGroup;
			children = (
				BBAA91B1260267880095DB27 /* MediaListDataSource.swift */,
			);
			path = DataSource;
			sourceTree = "<group>";
		};
		BB0AC6B92622462300CFA11B /* DataSource */ = {
			isa = PBXGroup;
			children = (
				BB0AC6BA2622462D00CFA11B /* TVDetailDataSource.swift */,
			);
			path = DataSource;
			sourceTree = "<group>";
		};
		BB109FE6261B8E86008C50EE /* TabBar */ = {
			isa = PBXGroup;
			children = (
				BB109FC7261B81AC008C50EE /* TabBarCoordinator.swift */,
				BB109FDB261B8971008C50EE /* TabBarControllerDataSource.swift */,
				BB0AC582261C48EB00CFA11B /* TabBarController.swift */,
			);
			path = TabBar;
			sourceTree = "<group>";
		};
		BBAA90E725F9287A0095DB27 = {
			isa = PBXGroup;
			children = (
				BBAA90F225F9287A0095DB27 /* TMDB */,
				BBAA914025FBAB200095DB27 /* TMDBTests */,
				BBAA90F125F9287A0095DB27 /* Products */,
				3B4107444D4AD6FE4763595D /* Pods */,
				C886EACE0189022CDD6DC360 /* Frameworks */,
			);
			sourceTree = "<group>";
		};
		BBAA90F125F9287A0095DB27 /* Products */ = {
			isa = PBXGroup;
			children = (
				BBAA90F025F9287A0095DB27 /* TMDB.app */,
				BBAA913F25FBAB200095DB27 /* TMDBTests.xctest */,
			);
			name = Products;
			sourceTree = "<group>";
		};
		BBAA90F225F9287A0095DB27 /* TMDB */ = {
			isa = PBXGroup;
			children = (
				BB0AC590261C5F7000CFA11B /* Common */,
				BB0AC6972622438D00CFA11B /* Scene */,
				BBAA917C2600DCF90095DB27 /* Coordinators */,
				BBAA9177260008210095DB27 /* Network */,
				BBAA916225FFECF00095DB27 /* Models */,
				BBAA90F325F9287A0095DB27 /* AppDelegate.swift */,
				BBAA90F525F9287A0095DB27 /* SceneDelegate.swift */,
				BBAA90F725F9287A0095DB27 /* ViewController.swift */,
				BBAA90FC25F9287C0095DB27 /* Assets.xcassets */,
				BBAA90FE25F9287C0095DB27 /* LaunchScreen.storyboard */,
				BBAA910125F9287C0095DB27 /* Info.plist */,
				BBAA91F9260566FE0095DB27 /* CircleProgressBar.swift */,
			);
			path = TMDB;
			sourceTree = "<group>";
		};
		BBAA914025FBAB200095DB27 /* TMDBTests */ = {
			isa = PBXGroup;
			children = (
				BBAA914125FBAB200095DB27 /* AppCoordinatorTest.swift */,
				BBAA9195260157380095DB27 /* MediaListCoordinatorTest.swift */,
				BB109FE9261B90BA008C50EE /* TabBarCoordinatorTest.swift */,
				BB4C7C232607CF9C0022EAFD /* MediaListViewModelTest.swift */,
				BBAA914325FBAB200095DB27 /* Info.plist */,
				BB0AC6D42622506E00CFA11B /* TVSceneTransitionTest.swift */,
			);
			path = TMDBTests;
			sourceTree = "<group>";
		};
		BBAA916225FFECF00095DB27 /* Models */ = {
			isa = PBXGroup;
			children = (
				BB0AC5DF261F1A4300CFA11B /* Movie */,
				BB0AC5E0261F1A4800CFA11B /* TV */,
				BB0AC5E9261F1F2C00CFA11B /* Protocols */,
				BB0AC5D4261F136F00CFA11B /* Common */,
				BBAA915A25FFECAC0095DB27 /* MediaListResponse.swift */,
				BBAA915E25FFECCC0095DB27 /* MediaListResponseProtocol.swift */,
			);
			path = Models;
			sourceTree = "<group>";
		};
		BBAA9177260008210095DB27 /* Network */ = {
			isa = PBXGroup;
			children = (
				BBAA917325FFFA6D0095DB27 /* API.swift */,
				BBAA916D25FFFA2C0095DB27 /* TmdbAPI.swift */,
				BBAA916525FFF2F80095DB27 /* NetworkManagerProtocol.swift */,
				BBAA916925FFF3DF0095DB27 /* NetworkManager.swift */,
			);
			path = Network;
			sourceTree = "<group>";
		};
		BBAA917C2600DCF90095DB27 /* Coordinators */ = {
			isa = PBXGroup;
			children = (
				BB109FE6261B8E86008C50EE /* TabBar */,
				BBAA912E25FB9EAE0095DB27 /* Coordinator.swift */,
				BBAA913125FBA4DB0095DB27 /* AppCoordinator.swift */,
				BBAA913425FBA8F80095DB27 /* MovieListCoordinator.swift */,
				BB109FED261B9A46008C50EE /* TVListCoordinator.swift */,
				BB109FF1261B9A60008C50EE /* FavoriteListCoordinator.swift */,
			);
			path = Coordinators;
			sourceTree = "<group>";
		};
		BBAA91BA2602DF380095DB27 /* Helpers */ = {
			isa = PBXGroup;
			children = (
				BBAA91BB2602DF440095DB27 /* ImageURL.swift */,
			);
			path = Helpers;
			sourceTree = "<group>";
		};
		BBAA91D02603ED460095DB27 /* Extensions */ = {
			isa = PBXGroup;
			children = (
				BBAA91D12603ED570095DB27 /* URL+Extensions.swift */,
				BB0AC64B26209FF500CFA11B /* UITableView+Extensions.swift */,
			);
			path = Extensions;
			sourceTree = "<group>";
		};
		C886EACE0189022CDD6DC360 /* Frameworks */ = {
			isa = PBXGroup;
			children = (
				540E68142B75814D35CD3ECF /* Pods_TMDB.framework */,
				2AA98EB030C1236C39DAD383 /* Pods_TMDBTests.framework */,
			);
			name = Frameworks;
			sourceTree = "<group>";
		};
/* End PBXGroup section */

/* Begin PBXNativeTarget section */
		BBAA90EF25F9287A0095DB27 /* TMDB */ = {
			isa = PBXNativeTarget;
			buildConfigurationList = BBAA910425F9287C0095DB27 /* Build configuration list for PBXNativeTarget "TMDB" */;
			buildPhases = (
				914F25FBFC0432A0DCD57F21 /* [CP] Check Pods Manifest.lock */,
				BBAA90EC25F9287A0095DB27 /* Sources */,
				BBAA90ED25F9287A0095DB27 /* Frameworks */,
				BBAA90EE25F9287A0095DB27 /* Resources */,
				3B26D4073D103154D07F3EE4 /* [CP] Embed Pods Frameworks */,
			);
			buildRules = (
			);
			dependencies = (
			);
			name = TMDB;
			productName = TMDB;
			productReference = BBAA90F025F9287A0095DB27 /* TMDB.app */;
			productType = "com.apple.product-type.application";
		};
		BBAA913E25FBAB200095DB27 /* TMDBTests */ = {
			isa = PBXNativeTarget;
			buildConfigurationList = BBAA914625FBAB200095DB27 /* Build configuration list for PBXNativeTarget "TMDBTests" */;
			buildPhases = (
				10F341845BCBD020D595F68E /* [CP] Check Pods Manifest.lock */,
				BBAA913B25FBAB200095DB27 /* Sources */,
				BBAA913C25FBAB200095DB27 /* Frameworks */,
				BBAA913D25FBAB200095DB27 /* Resources */,
				2E61C245634B8AB5851244A3 /* [CP] Embed Pods Frameworks */,
			);
			buildRules = (
			);
			dependencies = (
				BBAA914525FBAB200095DB27 /* PBXTargetDependency */,
			);
			name = TMDBTests;
			productName = TMDBTests;
			productReference = BBAA913F25FBAB200095DB27 /* TMDBTests.xctest */;
			productType = "com.apple.product-type.bundle.unit-test";
		};
/* End PBXNativeTarget section */

/* Begin PBXProject section */
		BBAA90E825F9287A0095DB27 /* Project object */ = {
			isa = PBXProject;
			attributes = {
				LastSwiftUpdateCheck = 1230;
				LastUpgradeCheck = 1230;
				TargetAttributes = {
					BBAA90EF25F9287A0095DB27 = {
						CreatedOnToolsVersion = 12.3;
					};
					BBAA913E25FBAB200095DB27 = {
						CreatedOnToolsVersion = 12.3;
						TestTargetID = BBAA90EF25F9287A0095DB27;
					};
				};
			};
			buildConfigurationList = BBAA90EB25F9287A0095DB27 /* Build configuration list for PBXProject "TMDB" */;
			compatibilityVersion = "Xcode 9.3";
			developmentRegion = en;
			hasScannedForEncodings = 0;
			knownRegions = (
				en,
				Base,
			);
			mainGroup = BBAA90E725F9287A0095DB27;
			productRefGroup = BBAA90F125F9287A0095DB27 /* Products */;
			projectDirPath = "";
			projectRoot = "";
			targets = (
				BBAA90EF25F9287A0095DB27 /* TMDB */,
				BBAA913E25FBAB200095DB27 /* TMDBTests */,
			);
		};
/* End PBXProject section */

/* Begin PBXResourcesBuildPhase section */
		BBAA90EE25F9287A0095DB27 /* Resources */ = {
			isa = PBXResourcesBuildPhase;
			buildActionMask = 2147483647;
			files = (
				BBAA910025F9287C0095DB27 /* LaunchScreen.storyboard in Resources */,
				BBAA90FD25F9287C0095DB27 /* Assets.xcassets in Resources */,
			);
			runOnlyForDeploymentPostprocessing = 0;
		};
		BBAA913D25FBAB200095DB27 /* Resources */ = {
			isa = PBXResourcesBuildPhase;
			buildActionMask = 2147483647;
			files = (
			);
			runOnlyForDeploymentPostprocessing = 0;
		};
/* End PBXResourcesBuildPhase section */

/* Begin PBXShellScriptBuildPhase section */
		10F341845BCBD020D595F68E /* [CP] Check Pods Manifest.lock */ = {
			isa = PBXShellScriptBuildPhase;
			buildActionMask = 2147483647;
			files = (
			);
			inputFileListPaths = (
			);
			inputPaths = (
				"${PODS_PODFILE_DIR_PATH}/Podfile.lock",
				"${PODS_ROOT}/Manifest.lock",
			);
			name = "[CP] Check Pods Manifest.lock";
			outputFileListPaths = (
			);
			outputPaths = (
				"$(DERIVED_FILE_DIR)/Pods-TMDBTests-checkManifestLockResult.txt",
			);
			runOnlyForDeploymentPostprocessing = 0;
			shellPath = /bin/sh;
			shellScript = "diff \"${PODS_PODFILE_DIR_PATH}/Podfile.lock\" \"${PODS_ROOT}/Manifest.lock\" > /dev/null\nif [ $? != 0 ] ; then\n    # print error to STDERR\n    echo \"error: The sandbox is not in sync with the Podfile.lock. Run 'pod install' or update your CocoaPods installation.\" >&2\n    exit 1\nfi\n# This output is used by Xcode 'outputs' to avoid re-running this script phase.\necho \"SUCCESS\" > \"${SCRIPT_OUTPUT_FILE_0}\"\n";
			showEnvVarsInLog = 0;
		};
		2E61C245634B8AB5851244A3 /* [CP] Embed Pods Frameworks */ = {
			isa = PBXShellScriptBuildPhase;
			buildActionMask = 2147483647;
			files = (
			);
			inputFileListPaths = (
				"${PODS_ROOT}/Target Support Files/Pods-TMDBTests/Pods-TMDBTests-frameworks-${CONFIGURATION}-input-files.xcfilelist",
			);
			name = "[CP] Embed Pods Frameworks";
			outputFileListPaths = (
				"${PODS_ROOT}/Target Support Files/Pods-TMDBTests/Pods-TMDBTests-frameworks-${CONFIGURATION}-output-files.xcfilelist",
			);
			runOnlyForDeploymentPostprocessing = 0;
			shellPath = /bin/sh;
			shellScript = "\"${PODS_ROOT}/Target Support Files/Pods-TMDBTests/Pods-TMDBTests-frameworks.sh\"\n";
			showEnvVarsInLog = 0;
		};
		3B26D4073D103154D07F3EE4 /* [CP] Embed Pods Frameworks */ = {
			isa = PBXShellScriptBuildPhase;
			buildActionMask = 2147483647;
			files = (
			);
			inputFileListPaths = (
				"${PODS_ROOT}/Target Support Files/Pods-TMDB/Pods-TMDB-frameworks-${CONFIGURATION}-input-files.xcfilelist",
			);
			name = "[CP] Embed Pods Frameworks";
			outputFileListPaths = (
				"${PODS_ROOT}/Target Support Files/Pods-TMDB/Pods-TMDB-frameworks-${CONFIGURATION}-output-files.xcfilelist",
			);
			runOnlyForDeploymentPostprocessing = 0;
			shellPath = /bin/sh;
			shellScript = "\"${PODS_ROOT}/Target Support Files/Pods-TMDB/Pods-TMDB-frameworks.sh\"\n";
			showEnvVarsInLog = 0;
		};
		914F25FBFC0432A0DCD57F21 /* [CP] Check Pods Manifest.lock */ = {
			isa = PBXShellScriptBuildPhase;
			buildActionMask = 2147483647;
			files = (
			);
			inputFileListPaths = (
			);
			inputPaths = (
				"${PODS_PODFILE_DIR_PATH}/Podfile.lock",
				"${PODS_ROOT}/Manifest.lock",
			);
			name = "[CP] Check Pods Manifest.lock";
			outputFileListPaths = (
			);
			outputPaths = (
				"$(DERIVED_FILE_DIR)/Pods-TMDB-checkManifestLockResult.txt",
			);
			runOnlyForDeploymentPostprocessing = 0;
			shellPath = /bin/sh;
			shellScript = "diff \"${PODS_PODFILE_DIR_PATH}/Podfile.lock\" \"${PODS_ROOT}/Manifest.lock\" > /dev/null\nif [ $? != 0 ] ; then\n    # print error to STDERR\n    echo \"error: The sandbox is not in sync with the Podfile.lock. Run 'pod install' or update your CocoaPods installation.\" >&2\n    exit 1\nfi\n# This output is used by Xcode 'outputs' to avoid re-running this script phase.\necho \"SUCCESS\" > \"${SCRIPT_OUTPUT_FILE_0}\"\n";
			showEnvVarsInLog = 0;
		};
/* End PBXShellScriptBuildPhase section */

/* Begin PBXSourcesBuildPhase section */
		BBAA90EC25F9287A0095DB27 /* Sources */ = {
			isa = PBXSourcesBuildPhase;
			buildActionMask = 2147483647;
			files = (
				BB0AC67626212E2500CFA11B /* TVCreatorsCell.swift in Sources */,
				BB0AC5E6261F1ED300CFA11B /* MovieModel.swift in Sources */,
				BB0AC6C12622472F00CFA11B /* TVDetailDataSource.swift in Sources */,
				BBAA916A25FFF3DF0095DB27 /* NetworkManager.swift in Sources */,
				BB0AC63C2620796500CFA11B /* TVPosterWrapperCell.swift in Sources */,
				BBAA916625FFF2F80095DB27 /* NetworkManagerProtocol.swift in Sources */,
				BB0AC5EF261F1FE000CFA11B /* TVEpisodeProtocol.swift in Sources */,
				BB0AC600261F211300CFA11B /* TVNetworkModel.swift in Sources */,
				BBAA915325FFE9FE0095DB27 /* TVModel.swift in Sources */,
				BB0AC592261C5F9100CFA11B /* RefreshControl.swift in Sources */,
				BB0AC67226212D6900CFA11B /* TVCreatorsCellViewModel.swift in Sources */,
				BBAA912F25FB9EAE0095DB27 /* Coordinator.swift in Sources */,
				BB0AC583261C48EB00CFA11B /* TabBarController.swift in Sources */,
				BB0AC5D7261F139600CFA11B /* TVDetailModel.swift in Sources */,
				BB0AC65E2621227F00CFA11B /* TVRuntimeCellViewModel.swift in Sources */,
				BB0AC668262129BF00CFA11B /* TVGenresCellViewModel.swift in Sources */,
				BBAA90F825F9287A0095DB27 /* ViewController.swift in Sources */,
				BB0AC5F7261F20A300CFA11B /* TVSeasonModel.swift in Sources */,
				BBAA915F25FFECCC0095DB27 /* MediaListResponseProtocol.swift in Sources */,
				BB0AC65A26210A7E00CFA11B /* CountryModel.swift in Sources */,
				BB0AC62F262060A900CFA11B /* TVPosterWrapperCellViewModel.swift in Sources */,
				BB0AC67A2621319500CFA11B /* TVStatusCellViewModel.swift in Sources */,
				BB0AC68C26220B7100CFA11B /* TVCreatorWithPhotoCellViewModel.swift in Sources */,
				BB0AC64C26209FF500CFA11B /* UITableView+Extensions.swift in Sources */,
				BB109FC8261B81AC008C50EE /* TabBarCoordinator.swift in Sources */,
				BBAA917F2600DD950095DB27 /* MediaListViewController.swift in Sources */,
				BBAA917425FFFA6D0095DB27 /* API.swift in Sources */,
				BBAA913225FBA4DB0095DB27 /* AppCoordinator.swift in Sources */,
				BBAA91A82602465F0095DB27 /* MediaCellViewModel.swift in Sources */,
				BBAA916E25FFFA2C0095DB27 /* TmdbAPI.swift in Sources */,
				BB0AC61E261F4F5100CFA11B /* TVDetailViewController.swift in Sources */,
				BB0AC612261F4B3A00CFA11B /* LanguageModel.swift in Sources */,
				BBAA91AE2602622C0095DB27 /* MediaCellViewModelSection.swift in Sources */,
				BB0AC64826208E6700CFA11B /* TVOverviewCell.swift in Sources */,
				BB0AC64426208CE000CFA11B /* TVOverviewCellViewModel.swift in Sources */,
				BB0AC637262072F100CFA11B /* TVDetailCellViewModelMultipleSection.swift in Sources */,
				BBAA918E2600E3320095DB27 /* BindableType.swift in Sources */,
				BB0AC6842621F16B00CFA11B /* NavigationBarAppearance.swift in Sources */,
				BBAA91D22603ED570095DB27 /* URL+Extensions.swift in Sources */,
				BBAA918A2600E30D0095DB27 /* ViewModelType.swift in Sources */,
				BB0AC59A261D069900CFA11B /* MediaListViewModel.swift in Sources */,
				BB0AC5FB261F20C000CFA11B /* TVEpisodeModel.swift in Sources */,
				BB0AC616261F4B5400CFA11B /* CompanyModel.swift in Sources */,
				BBAA91B2260267880095DB27 /* MediaListDataSource.swift in Sources */,
				BB0AC61A261F4E2900CFA11B /* TVDetailViewModel.swift in Sources */,
				BB0AC58B261C5BC300CFA11B /* MediaListTableView.swift in Sources */,
				BB0AC67E262131C300CFA11B /* TVStatusCell.swift in Sources */,
				BBAA915B25FFECAC0095DB27 /* MediaListResponse.swift in Sources */,
				BB0AC596261C616000CFA11B /* SegmentedControl.swift in Sources */,
				BBAA90F425F9287A0095DB27 /* AppDelegate.swift in Sources */,
				BBAA91BC2602DF440095DB27 /* ImageURL.swift in Sources */,
				BB0AC629261F65E200CFA11B /* TVPosterWrapperView.swift in Sources */,
				BB0AC6502620F9EF00CFA11B /* TVInfoCellViewModel.swift in Sources */,
				BB0AC5F3261F205B00CFA11B /* TVNetworkProtocol.swift in Sources */,
				BBAA90F625F9287A0095DB27 /* SceneDelegate.swift in Sources */,
				BB0AC6922622117100CFA11B /* TVCreatorWithPhotoCell.swift in Sources */,
				BBAA91FA260566FF0095DB27 /* CircleProgressBar.swift in Sources */,
				BB0AC5EB261F1FB600CFA11B /* TVSeasonProtocol.swift in Sources */,
				BBAA915725FFEA670095DB27 /* MediaProtocol.swift in Sources */,
				BB109FEE261B9A46008C50EE /* TVListCoordinator.swift in Sources */,
				BB0AC6622621230700CFA11B /* TVRuntimeCell.swift in Sources */,
				BB0AC60C261F4AFE00CFA11B /* GenreModel.swift in Sources */,
				BBAA91B72602A8270095DB27 /* MediaTableViewCell.swift in Sources */,
				BB0AC64026207D4400CFA11B /* TVDetailTableView.swift in Sources */,
				BBAA913525FBA8F80095DB27 /* MovieListCoordinator.swift in Sources */,
				BB0AC606261F230B00CFA11B /* TVCreatorModel.swift in Sources */,
				BB0AC66E26212B2F00CFA11B /* TVGenresCell.swift in Sources */,
				BB109FF2261B9A60008C50EE /* FavoriteListCoordinator.swift in Sources */,
				BB109FDC261B8971008C50EE /* TabBarControllerDataSource.swift in Sources */,
				BB0AC654262102E500CFA11B /* TVInfoCell.swift in Sources */,
				BB0AC5DB261F197600CFA11B /* MediaDetailProtocol.swift in Sources */,
			);
			runOnlyForDeploymentPostprocessing = 0;
		};
		BBAA913B25FBAB200095DB27 /* Sources */ = {
			isa = PBXSourcesBuildPhase;
			buildActionMask = 2147483647;
			files = (
				BB0AC6D52622506E00CFA11B /* TVSceneTransitionTest.swift in Sources */,
				BBAA9196260157380095DB27 /* MediaListCoordinatorTest.swift in Sources */,
				BBAA914225FBAB200095DB27 /* AppCoordinatorTest.swift in Sources */,
				BB109FEA261B90BA008C50EE /* TabBarCoordinatorTest.swift in Sources */,
				BB4C7C242607CF9C0022EAFD /* MediaListViewModelTest.swift in Sources */,
			);
			runOnlyForDeploymentPostprocessing = 0;
		};
/* End PBXSourcesBuildPhase section */

/* Begin PBXTargetDependency section */
		BBAA914525FBAB200095DB27 /* PBXTargetDependency */ = {
			isa = PBXTargetDependency;
			target = BBAA90EF25F9287A0095DB27 /* TMDB */;
			targetProxy = BBAA914425FBAB200095DB27 /* PBXContainerItemProxy */;
		};
/* End PBXTargetDependency section */

/* Begin PBXVariantGroup section */
		BBAA90FE25F9287C0095DB27 /* LaunchScreen.storyboard */ = {
			isa = PBXVariantGroup;
			children = (
				BBAA90FF25F9287C0095DB27 /* Base */,
			);
			name = LaunchScreen.storyboard;
			sourceTree = "<group>";
		};
/* End PBXVariantGroup section */

/* Begin XCBuildConfiguration section */
		BBAA910225F9287C0095DB27 /* Debug */ = {
			isa = XCBuildConfiguration;
			buildSettings = {
				ALWAYS_SEARCH_USER_PATHS = NO;
				CLANG_ANALYZER_NONNULL = YES;
				CLANG_ANALYZER_NUMBER_OBJECT_CONVERSION = YES_AGGRESSIVE;
				CLANG_CXX_LANGUAGE_STANDARD = "gnu++14";
				CLANG_CXX_LIBRARY = "libc++";
				CLANG_ENABLE_MODULES = YES;
				CLANG_ENABLE_OBJC_ARC = YES;
				CLANG_ENABLE_OBJC_WEAK = YES;
				CLANG_WARN_BLOCK_CAPTURE_AUTORELEASING = YES;
				CLANG_WARN_BOOL_CONVERSION = YES;
				CLANG_WARN_COMMA = YES;
				CLANG_WARN_CONSTANT_CONVERSION = YES;
				CLANG_WARN_DEPRECATED_OBJC_IMPLEMENTATIONS = YES;
				CLANG_WARN_DIRECT_OBJC_ISA_USAGE = YES_ERROR;
				CLANG_WARN_DOCUMENTATION_COMMENTS = YES;
				CLANG_WARN_EMPTY_BODY = YES;
				CLANG_WARN_ENUM_CONVERSION = YES;
				CLANG_WARN_INFINITE_RECURSION = YES;
				CLANG_WARN_INT_CONVERSION = YES;
				CLANG_WARN_NON_LITERAL_NULL_CONVERSION = YES;
				CLANG_WARN_OBJC_IMPLICIT_RETAIN_SELF = YES;
				CLANG_WARN_OBJC_LITERAL_CONVERSION = YES;
				CLANG_WARN_OBJC_ROOT_CLASS = YES_ERROR;
				CLANG_WARN_QUOTED_INCLUDE_IN_FRAMEWORK_HEADER = YES;
				CLANG_WARN_RANGE_LOOP_ANALYSIS = YES;
				CLANG_WARN_STRICT_PROTOTYPES = YES;
				CLANG_WARN_SUSPICIOUS_MOVE = YES;
				CLANG_WARN_UNGUARDED_AVAILABILITY = YES_AGGRESSIVE;
				CLANG_WARN_UNREACHABLE_CODE = YES;
				CLANG_WARN__DUPLICATE_METHOD_MATCH = YES;
				COPY_PHASE_STRIP = NO;
				DEBUG_INFORMATION_FORMAT = dwarf;
				ENABLE_STRICT_OBJC_MSGSEND = YES;
				ENABLE_TESTABILITY = YES;
				GCC_C_LANGUAGE_STANDARD = gnu11;
				GCC_DYNAMIC_NO_PIC = NO;
				GCC_NO_COMMON_BLOCKS = YES;
				GCC_OPTIMIZATION_LEVEL = 0;
				GCC_PREPROCESSOR_DEFINITIONS = (
					"DEBUG=1",
					"$(inherited)",
				);
				GCC_WARN_64_TO_32_BIT_CONVERSION = YES;
				GCC_WARN_ABOUT_RETURN_TYPE = YES_ERROR;
				GCC_WARN_UNDECLARED_SELECTOR = YES;
				GCC_WARN_UNINITIALIZED_AUTOS = YES_AGGRESSIVE;
				GCC_WARN_UNUSED_FUNCTION = YES;
				GCC_WARN_UNUSED_VARIABLE = YES;
				IPHONEOS_DEPLOYMENT_TARGET = 13.0;
				MTL_ENABLE_DEBUG_INFO = INCLUDE_SOURCE;
				MTL_FAST_MATH = YES;
				ONLY_ACTIVE_ARCH = YES;
				SDKROOT = iphoneos;
				SWIFT_ACTIVE_COMPILATION_CONDITIONS = DEBUG;
				SWIFT_OPTIMIZATION_LEVEL = "-Onone";
			};
			name = Debug;
		};
		BBAA910325F9287C0095DB27 /* Release */ = {
			isa = XCBuildConfiguration;
			buildSettings = {
				ALWAYS_SEARCH_USER_PATHS = NO;
				CLANG_ANALYZER_NONNULL = YES;
				CLANG_ANALYZER_NUMBER_OBJECT_CONVERSION = YES_AGGRESSIVE;
				CLANG_CXX_LANGUAGE_STANDARD = "gnu++14";
				CLANG_CXX_LIBRARY = "libc++";
				CLANG_ENABLE_MODULES = YES;
				CLANG_ENABLE_OBJC_ARC = YES;
				CLANG_ENABLE_OBJC_WEAK = YES;
				CLANG_WARN_BLOCK_CAPTURE_AUTORELEASING = YES;
				CLANG_WARN_BOOL_CONVERSION = YES;
				CLANG_WARN_COMMA = YES;
				CLANG_WARN_CONSTANT_CONVERSION = YES;
				CLANG_WARN_DEPRECATED_OBJC_IMPLEMENTATIONS = YES;
				CLANG_WARN_DIRECT_OBJC_ISA_USAGE = YES_ERROR;
				CLANG_WARN_DOCUMENTATION_COMMENTS = YES;
				CLANG_WARN_EMPTY_BODY = YES;
				CLANG_WARN_ENUM_CONVERSION = YES;
				CLANG_WARN_INFINITE_RECURSION = YES;
				CLANG_WARN_INT_CONVERSION = YES;
				CLANG_WARN_NON_LITERAL_NULL_CONVERSION = YES;
				CLANG_WARN_OBJC_IMPLICIT_RETAIN_SELF = YES;
				CLANG_WARN_OBJC_LITERAL_CONVERSION = YES;
				CLANG_WARN_OBJC_ROOT_CLASS = YES_ERROR;
				CLANG_WARN_QUOTED_INCLUDE_IN_FRAMEWORK_HEADER = YES;
				CLANG_WARN_RANGE_LOOP_ANALYSIS = YES;
				CLANG_WARN_STRICT_PROTOTYPES = YES;
				CLANG_WARN_SUSPICIOUS_MOVE = YES;
				CLANG_WARN_UNGUARDED_AVAILABILITY = YES_AGGRESSIVE;
				CLANG_WARN_UNREACHABLE_CODE = YES;
				CLANG_WARN__DUPLICATE_METHOD_MATCH = YES;
				COPY_PHASE_STRIP = NO;
				DEBUG_INFORMATION_FORMAT = "dwarf-with-dsym";
				ENABLE_NS_ASSERTIONS = NO;
				ENABLE_STRICT_OBJC_MSGSEND = YES;
				GCC_C_LANGUAGE_STANDARD = gnu11;
				GCC_NO_COMMON_BLOCKS = YES;
				GCC_WARN_64_TO_32_BIT_CONVERSION = YES;
				GCC_WARN_ABOUT_RETURN_TYPE = YES_ERROR;
				GCC_WARN_UNDECLARED_SELECTOR = YES;
				GCC_WARN_UNINITIALIZED_AUTOS = YES_AGGRESSIVE;
				GCC_WARN_UNUSED_FUNCTION = YES;
				GCC_WARN_UNUSED_VARIABLE = YES;
				IPHONEOS_DEPLOYMENT_TARGET = 13.0;
				MTL_ENABLE_DEBUG_INFO = NO;
				MTL_FAST_MATH = YES;
				SDKROOT = iphoneos;
				SWIFT_COMPILATION_MODE = wholemodule;
				SWIFT_OPTIMIZATION_LEVEL = "-O";
				VALIDATE_PRODUCT = YES;
			};
			name = Release;
		};
		BBAA910525F9287C0095DB27 /* Debug */ = {
			isa = XCBuildConfiguration;
			baseConfigurationReference = 586AABA755050441B801F822 /* Pods-TMDB.debug.xcconfig */;
			buildSettings = {
				ASSETCATALOG_COMPILER_APPICON_NAME = AppIcon;
				ASSETCATALOG_COMPILER_GLOBAL_ACCENT_COLOR_NAME = AccentColor;
				CODE_SIGN_STYLE = Automatic;
				DEVELOPMENT_TEAM = 6PL6THVP79;
				INFOPLIST_FILE = TMDB/Info.plist;
				LD_RUNPATH_SEARCH_PATHS = (
					"$(inherited)",
					"@executable_path/Frameworks",
				);
				PRODUCT_BUNDLE_IDENTIFIER = com.home.ios.TMDB;
				PRODUCT_NAME = "$(TARGET_NAME)";
				SWIFT_VERSION = 5.0;
				TARGETED_DEVICE_FAMILY = "1,2";
			};
			name = Debug;
		};
		BBAA910625F9287C0095DB27 /* Release */ = {
			isa = XCBuildConfiguration;
			baseConfigurationReference = 3159522495BC9CB644E5749C /* Pods-TMDB.release.xcconfig */;
			buildSettings = {
				ASSETCATALOG_COMPILER_APPICON_NAME = AppIcon;
				ASSETCATALOG_COMPILER_GLOBAL_ACCENT_COLOR_NAME = AccentColor;
				CODE_SIGN_STYLE = Automatic;
				DEVELOPMENT_TEAM = 6PL6THVP79;
				INFOPLIST_FILE = TMDB/Info.plist;
				LD_RUNPATH_SEARCH_PATHS = (
					"$(inherited)",
					"@executable_path/Frameworks",
				);
				PRODUCT_BUNDLE_IDENTIFIER = com.home.ios.TMDB;
				PRODUCT_NAME = "$(TARGET_NAME)";
				SWIFT_VERSION = 5.0;
				TARGETED_DEVICE_FAMILY = "1,2";
			};
			name = Release;
		};
		BBAA914725FBAB200095DB27 /* Debug */ = {
			isa = XCBuildConfiguration;
			baseConfigurationReference = 2E645F0C8A36025AB97B1375 /* Pods-TMDBTests.debug.xcconfig */;
			buildSettings = {
				BUNDLE_LOADER = "$(TEST_HOST)";
				CODE_SIGN_STYLE = Automatic;
				DEVELOPMENT_TEAM = 6PL6THVP79;
				INFOPLIST_FILE = TMDBTests/Info.plist;
				IPHONEOS_DEPLOYMENT_TARGET = 13.0;
				LD_RUNPATH_SEARCH_PATHS = (
					"$(inherited)",
					"@executable_path/Frameworks",
					"@loader_path/Frameworks",
				);
				PRODUCT_BUNDLE_IDENTIFIER = com.home.ios.TMDBTests;
				PRODUCT_NAME = "$(TARGET_NAME)";
				SWIFT_VERSION = 5.0;
				TARGETED_DEVICE_FAMILY = "1,2";
				TEST_HOST = "$(BUILT_PRODUCTS_DIR)/TMDB.app/TMDB";
			};
			name = Debug;
		};
		BBAA914825FBAB200095DB27 /* Release */ = {
			isa = XCBuildConfiguration;
			baseConfigurationReference = E464298C2C017D1E52A878F5 /* Pods-TMDBTests.release.xcconfig */;
			buildSettings = {
				BUNDLE_LOADER = "$(TEST_HOST)";
				CODE_SIGN_STYLE = Automatic;
				DEVELOPMENT_TEAM = 6PL6THVP79;
				INFOPLIST_FILE = TMDBTests/Info.plist;
				IPHONEOS_DEPLOYMENT_TARGET = 13.0;
				LD_RUNPATH_SEARCH_PATHS = (
					"$(inherited)",
					"@executable_path/Frameworks",
					"@loader_path/Frameworks",
				);
				PRODUCT_BUNDLE_IDENTIFIER = com.home.ios.TMDBTests;
				PRODUCT_NAME = "$(TARGET_NAME)";
				SWIFT_VERSION = 5.0;
				TARGETED_DEVICE_FAMILY = "1,2";
				TEST_HOST = "$(BUILT_PRODUCTS_DIR)/TMDB.app/TMDB";
			};
			name = Release;
		};
/* End XCBuildConfiguration section */

/* Begin XCConfigurationList section */
		BBAA90EB25F9287A0095DB27 /* Build configuration list for PBXProject "TMDB" */ = {
			isa = XCConfigurationList;
			buildConfigurations = (
				BBAA910225F9287C0095DB27 /* Debug */,
				BBAA910325F9287C0095DB27 /* Release */,
			);
			defaultConfigurationIsVisible = 0;
			defaultConfigurationName = Release;
		};
		BBAA910425F9287C0095DB27 /* Build configuration list for PBXNativeTarget "TMDB" */ = {
			isa = XCConfigurationList;
			buildConfigurations = (
				BBAA910525F9287C0095DB27 /* Debug */,
				BBAA910625F9287C0095DB27 /* Release */,
			);
			defaultConfigurationIsVisible = 0;
			defaultConfigurationName = Release;
		};
		BBAA914625FBAB200095DB27 /* Build configuration list for PBXNativeTarget "TMDBTests" */ = {
			isa = XCConfigurationList;
			buildConfigurations = (
				BBAA914725FBAB200095DB27 /* Debug */,
				BBAA914825FBAB200095DB27 /* Release */,
			);
			defaultConfigurationIsVisible = 0;
			defaultConfigurationName = Release;
		};
/* End XCConfigurationList section */
	};
	rootObject = BBAA90E825F9287A0095DB27 /* Project object */;
}
